// !$*UTF8*$!
{
	archiveVersion = 1;
	classes = {
	};
	objectVersion = 48;
	objects = {

/* Begin PBXBuildFile section */
		4D20554D20385E9A00AE832F /* PutKit.h in Headers */ = {isa = PBXBuildFile; fileRef = 4D20554B20385E9A00AE832F /* PutKit.h */; settings = {ATTRIBUTES = (Public, ); }; };
		4D20557B2038610D00AE832F /* PutKit.h in Headers */ = {isa = PBXBuildFile; fileRef = 4D20554B20385E9A00AE832F /* PutKit.h */; settings = {ATTRIBUTES = (Public, ); }; };
		4D20557C2038610E00AE832F /* PutKit.h in Headers */ = {isa = PBXBuildFile; fileRef = 4D20554B20385E9A00AE832F /* PutKit.h */; settings = {ATTRIBUTES = (Public, ); }; };
		4D20557D2038611100AE832F /* PutKit.h in Headers */ = {isa = PBXBuildFile; fileRef = 4D20554B20385E9A00AE832F /* PutKit.h */; settings = {ATTRIBUTES = (Public, ); }; };
		4D205582203862BC00AE832F /* PIOFile.h in Headers */ = {isa = PBXBuildFile; fileRef = 4D205580203862BC00AE832F /* PIOFile.h */; settings = {ATTRIBUTES = (Public, ); }; };
		4D205583203862BC00AE832F /* PIOFile.h in Headers */ = {isa = PBXBuildFile; fileRef = 4D205580203862BC00AE832F /* PIOFile.h */; settings = {ATTRIBUTES = (Public, ); }; };
		4D205584203862BC00AE832F /* PIOFile.h in Headers */ = {isa = PBXBuildFile; fileRef = 4D205580203862BC00AE832F /* PIOFile.h */; settings = {ATTRIBUTES = (Public, ); }; };
		4D205585203862BC00AE832F /* PIOFile.h in Headers */ = {isa = PBXBuildFile; fileRef = 4D205580203862BC00AE832F /* PIOFile.h */; settings = {ATTRIBUTES = (Public, ); }; };
		4D205586203862BC00AE832F /* PIOFile.m in Sources */ = {isa = PBXBuildFile; fileRef = 4D205581203862BC00AE832F /* PIOFile.m */; };
		4D205587203862BC00AE832F /* PIOFile.m in Sources */ = {isa = PBXBuildFile; fileRef = 4D205581203862BC00AE832F /* PIOFile.m */; };
		4D205588203862BC00AE832F /* PIOFile.m in Sources */ = {isa = PBXBuildFile; fileRef = 4D205581203862BC00AE832F /* PIOFile.m */; };
		4D205589203862BC00AE832F /* PIOFile.m in Sources */ = {isa = PBXBuildFile; fileRef = 4D205581203862BC00AE832F /* PIOFile.m */; };
		4D20558C2038657400AE832F /* PIOSubtitle.h in Headers */ = {isa = PBXBuildFile; fileRef = 4D20558A2038657400AE832F /* PIOSubtitle.h */; settings = {ATTRIBUTES = (Public, ); }; };
		4D20558D2038657400AE832F /* PIOSubtitle.h in Headers */ = {isa = PBXBuildFile; fileRef = 4D20558A2038657400AE832F /* PIOSubtitle.h */; settings = {ATTRIBUTES = (Public, ); }; };
		4D20558E2038657400AE832F /* PIOSubtitle.h in Headers */ = {isa = PBXBuildFile; fileRef = 4D20558A2038657400AE832F /* PIOSubtitle.h */; settings = {ATTRIBUTES = (Public, ); }; };
		4D20558F2038657400AE832F /* PIOSubtitle.h in Headers */ = {isa = PBXBuildFile; fileRef = 4D20558A2038657400AE832F /* PIOSubtitle.h */; settings = {ATTRIBUTES = (Public, ); }; };
		4D2055902038657400AE832F /* PIOSubtitle.m in Sources */ = {isa = PBXBuildFile; fileRef = 4D20558B2038657400AE832F /* PIOSubtitle.m */; };
		4D2055912038657400AE832F /* PIOSubtitle.m in Sources */ = {isa = PBXBuildFile; fileRef = 4D20558B2038657400AE832F /* PIOSubtitle.m */; };
		4D2055922038657400AE832F /* PIOSubtitle.m in Sources */ = {isa = PBXBuildFile; fileRef = 4D20558B2038657400AE832F /* PIOSubtitle.m */; };
		4D2055932038657400AE832F /* PIOSubtitle.m in Sources */ = {isa = PBXBuildFile; fileRef = 4D20558B2038657400AE832F /* PIOSubtitle.m */; };
		4D2055962038662700AE832F /* PIOEvent.h in Headers */ = {isa = PBXBuildFile; fileRef = 4D2055942038662700AE832F /* PIOEvent.h */; settings = {ATTRIBUTES = (Public, ); }; };
		4D2055972038662700AE832F /* PIOEvent.h in Headers */ = {isa = PBXBuildFile; fileRef = 4D2055942038662700AE832F /* PIOEvent.h */; settings = {ATTRIBUTES = (Public, ); }; };
		4D2055982038662700AE832F /* PIOEvent.h in Headers */ = {isa = PBXBuildFile; fileRef = 4D2055942038662700AE832F /* PIOEvent.h */; settings = {ATTRIBUTES = (Public, ); }; };
		4D2055992038662700AE832F /* PIOEvent.h in Headers */ = {isa = PBXBuildFile; fileRef = 4D2055942038662700AE832F /* PIOEvent.h */; settings = {ATTRIBUTES = (Public, ); }; };
		4D20559A2038662700AE832F /* PIOEvent.m in Sources */ = {isa = PBXBuildFile; fileRef = 4D2055952038662700AE832F /* PIOEvent.m */; };
		4D20559B2038662700AE832F /* PIOEvent.m in Sources */ = {isa = PBXBuildFile; fileRef = 4D2055952038662700AE832F /* PIOEvent.m */; };
		4D20559C2038662700AE832F /* PIOEvent.m in Sources */ = {isa = PBXBuildFile; fileRef = 4D2055952038662700AE832F /* PIOEvent.m */; };
		4D20559D2038662700AE832F /* PIOEvent.m in Sources */ = {isa = PBXBuildFile; fileRef = 4D2055952038662700AE832F /* PIOEvent.m */; };
		4D20559F2038669400AE832F /* PIOEventType.h in Headers */ = {isa = PBXBuildFile; fileRef = 4D20559E2038669400AE832F /* PIOEventType.h */; settings = {ATTRIBUTES = (Public, ); }; };
		4D2055A02038669400AE832F /* PIOEventType.h in Headers */ = {isa = PBXBuildFile; fileRef = 4D20559E2038669400AE832F /* PIOEventType.h */; settings = {ATTRIBUTES = (Public, ); }; };
		4D2055A12038669400AE832F /* PIOEventType.h in Headers */ = {isa = PBXBuildFile; fileRef = 4D20559E2038669400AE832F /* PIOEventType.h */; settings = {ATTRIBUTES = (Public, ); }; };
		4D2055A22038669400AE832F /* PIOEventType.h in Headers */ = {isa = PBXBuildFile; fileRef = 4D20559E2038669400AE832F /* PIOEventType.h */; settings = {ATTRIBUTES = (Public, ); }; };
		4D2055A4203866DF00AE832F /* PIOEventType.m in Sources */ = {isa = PBXBuildFile; fileRef = 4D2055A3203866DF00AE832F /* PIOEventType.m */; };
		4D2055A5203866DF00AE832F /* PIOEventType.m in Sources */ = {isa = PBXBuildFile; fileRef = 4D2055A3203866DF00AE832F /* PIOEventType.m */; };
		4D2055A6203866DF00AE832F /* PIOEventType.m in Sources */ = {isa = PBXBuildFile; fileRef = 4D2055A3203866DF00AE832F /* PIOEventType.m */; };
		4D2055A7203866DF00AE832F /* PIOEventType.m in Sources */ = {isa = PBXBuildFile; fileRef = 4D2055A3203866DF00AE832F /* PIOEventType.m */; };
		4D2055AA2038698700AE832F /* PIOTransfer.h in Headers */ = {isa = PBXBuildFile; fileRef = 4D2055A82038698700AE832F /* PIOTransfer.h */; settings = {ATTRIBUTES = (Public, ); }; };
		4D2055AB2038698700AE832F /* PIOTransfer.h in Headers */ = {isa = PBXBuildFile; fileRef = 4D2055A82038698700AE832F /* PIOTransfer.h */; settings = {ATTRIBUTES = (Public, ); }; };
		4D2055AC2038698700AE832F /* PIOTransfer.h in Headers */ = {isa = PBXBuildFile; fileRef = 4D2055A82038698700AE832F /* PIOTransfer.h */; settings = {ATTRIBUTES = (Public, ); }; };
		4D2055AD2038698700AE832F /* PIOTransfer.h in Headers */ = {isa = PBXBuildFile; fileRef = 4D2055A82038698700AE832F /* PIOTransfer.h */; settings = {ATTRIBUTES = (Public, ); }; };
		4D2055AE2038698700AE832F /* PIOTransfer.m in Sources */ = {isa = PBXBuildFile; fileRef = 4D2055A92038698700AE832F /* PIOTransfer.m */; };
		4D2055AF2038698700AE832F /* PIOTransfer.m in Sources */ = {isa = PBXBuildFile; fileRef = 4D2055A92038698700AE832F /* PIOTransfer.m */; };
		4D2055B02038698700AE832F /* PIOTransfer.m in Sources */ = {isa = PBXBuildFile; fileRef = 4D2055A92038698700AE832F /* PIOTransfer.m */; };
		4D2055B12038698700AE832F /* PIOTransfer.m in Sources */ = {isa = PBXBuildFile; fileRef = 4D2055A92038698700AE832F /* PIOTransfer.m */; };
		4D2055B3203869C600AE832F /* PIOTransferStatus.h in Headers */ = {isa = PBXBuildFile; fileRef = 4D2055B2203869C600AE832F /* PIOTransferStatus.h */; settings = {ATTRIBUTES = (Public, ); }; };
		4D2055B4203869C600AE832F /* PIOTransferStatus.h in Headers */ = {isa = PBXBuildFile; fileRef = 4D2055B2203869C600AE832F /* PIOTransferStatus.h */; settings = {ATTRIBUTES = (Public, ); }; };
		4D2055B5203869C600AE832F /* PIOTransferStatus.h in Headers */ = {isa = PBXBuildFile; fileRef = 4D2055B2203869C600AE832F /* PIOTransferStatus.h */; settings = {ATTRIBUTES = (Public, ); }; };
		4D2055B6203869C600AE832F /* PIOTransferStatus.h in Headers */ = {isa = PBXBuildFile; fileRef = 4D2055B2203869C600AE832F /* PIOTransferStatus.h */; settings = {ATTRIBUTES = (Public, ); }; };
		4D2055B820386BA400AE832F /* PIOTransferStatus.m in Sources */ = {isa = PBXBuildFile; fileRef = 4D2055B720386BA400AE832F /* PIOTransferStatus.m */; };
		4D2055B920386BA400AE832F /* PIOTransferStatus.m in Sources */ = {isa = PBXBuildFile; fileRef = 4D2055B720386BA400AE832F /* PIOTransferStatus.m */; };
		4D2055BA20386BA400AE832F /* PIOTransferStatus.m in Sources */ = {isa = PBXBuildFile; fileRef = 4D2055B720386BA400AE832F /* PIOTransferStatus.m */; };
		4D2055BB20386BA400AE832F /* PIOTransferStatus.m in Sources */ = {isa = PBXBuildFile; fileRef = 4D2055B720386BA400AE832F /* PIOTransferStatus.m */; };
		4D2055BE203883BE00AE832F /* PIOFriend.h in Headers */ = {isa = PBXBuildFile; fileRef = 4D2055BC203883BE00AE832F /* PIOFriend.h */; settings = {ATTRIBUTES = (Public, ); }; };
		4D2055BF203883BE00AE832F /* PIOFriend.h in Headers */ = {isa = PBXBuildFile; fileRef = 4D2055BC203883BE00AE832F /* PIOFriend.h */; settings = {ATTRIBUTES = (Public, ); }; };
		4D2055C0203883BE00AE832F /* PIOFriend.h in Headers */ = {isa = PBXBuildFile; fileRef = 4D2055BC203883BE00AE832F /* PIOFriend.h */; settings = {ATTRIBUTES = (Public, ); }; };
		4D2055C1203883BE00AE832F /* PIOFriend.h in Headers */ = {isa = PBXBuildFile; fileRef = 4D2055BC203883BE00AE832F /* PIOFriend.h */; settings = {ATTRIBUTES = (Public, ); }; };
		4D2055C2203883BE00AE832F /* PIOFriend.m in Sources */ = {isa = PBXBuildFile; fileRef = 4D2055BD203883BE00AE832F /* PIOFriend.m */; };
		4D2055C3203883BE00AE832F /* PIOFriend.m in Sources */ = {isa = PBXBuildFile; fileRef = 4D2055BD203883BE00AE832F /* PIOFriend.m */; };
		4D2055C4203883BE00AE832F /* PIOFriend.m in Sources */ = {isa = PBXBuildFile; fileRef = 4D2055BD203883BE00AE832F /* PIOFriend.m */; };
		4D2055C5203883BE00AE832F /* PIOFriend.m in Sources */ = {isa = PBXBuildFile; fileRef = 4D2055BD203883BE00AE832F /* PIOFriend.m */; };
		4D2055C82038842E00AE832F /* PIOAccount.h in Headers */ = {isa = PBXBuildFile; fileRef = 4D2055C62038842E00AE832F /* PIOAccount.h */; settings = {ATTRIBUTES = (Public, ); }; };
		4D2055C92038842E00AE832F /* PIOAccount.h in Headers */ = {isa = PBXBuildFile; fileRef = 4D2055C62038842E00AE832F /* PIOAccount.h */; settings = {ATTRIBUTES = (Public, ); }; };
		4D2055CA2038842E00AE832F /* PIOAccount.h in Headers */ = {isa = PBXBuildFile; fileRef = 4D2055C62038842E00AE832F /* PIOAccount.h */; settings = {ATTRIBUTES = (Public, ); }; };
		4D2055CB2038842E00AE832F /* PIOAccount.h in Headers */ = {isa = PBXBuildFile; fileRef = 4D2055C62038842E00AE832F /* PIOAccount.h */; settings = {ATTRIBUTES = (Public, ); }; };
		4D2055CC2038842E00AE832F /* PIOAccount.m in Sources */ = {isa = PBXBuildFile; fileRef = 4D2055C72038842E00AE832F /* PIOAccount.m */; };
		4D2055CD2038842E00AE832F /* PIOAccount.m in Sources */ = {isa = PBXBuildFile; fileRef = 4D2055C72038842E00AE832F /* PIOAccount.m */; };
		4D2055CE2038842E00AE832F /* PIOAccount.m in Sources */ = {isa = PBXBuildFile; fileRef = 4D2055C72038842E00AE832F /* PIOAccount.m */; };
		4D2055CF2038842E00AE832F /* PIOAccount.m in Sources */ = {isa = PBXBuildFile; fileRef = 4D2055C72038842E00AE832F /* PIOAccount.m */; };
		4D2055D22038843A00AE832F /* PIOAccountSettings.h in Headers */ = {isa = PBXBuildFile; fileRef = 4D2055D02038843A00AE832F /* PIOAccountSettings.h */; settings = {ATTRIBUTES = (Public, ); }; };
		4D2055D32038843A00AE832F /* PIOAccountSettings.h in Headers */ = {isa = PBXBuildFile; fileRef = 4D2055D02038843A00AE832F /* PIOAccountSettings.h */; settings = {ATTRIBUTES = (Public, ); }; };
		4D2055D42038843A00AE832F /* PIOAccountSettings.h in Headers */ = {isa = PBXBuildFile; fileRef = 4D2055D02038843A00AE832F /* PIOAccountSettings.h */; settings = {ATTRIBUTES = (Public, ); }; };
		4D2055D52038843A00AE832F /* PIOAccountSettings.h in Headers */ = {isa = PBXBuildFile; fileRef = 4D2055D02038843A00AE832F /* PIOAccountSettings.h */; settings = {ATTRIBUTES = (Public, ); }; };
		4D2055D62038843A00AE832F /* PIOAccountSettings.m in Sources */ = {isa = PBXBuildFile; fileRef = 4D2055D12038843A00AE832F /* PIOAccountSettings.m */; };
		4D2055D72038843A00AE832F /* PIOAccountSettings.m in Sources */ = {isa = PBXBuildFile; fileRef = 4D2055D12038843A00AE832F /* PIOAccountSettings.m */; };
		4D2055D82038843A00AE832F /* PIOAccountSettings.m in Sources */ = {isa = PBXBuildFile; fileRef = 4D2055D12038843A00AE832F /* PIOAccountSettings.m */; };
		4D2055D92038843A00AE832F /* PIOAccountSettings.m in Sources */ = {isa = PBXBuildFile; fileRef = 4D2055D12038843A00AE832F /* PIOAccountSettings.m */; };
		4D2055E62038949000AE832F /* PIOMP4Status.h in Headers */ = {isa = PBXBuildFile; fileRef = 4D2055E42038949000AE832F /* PIOMP4Status.h */; settings = {ATTRIBUTES = (Public, ); }; };
		4D2055E72038949000AE832F /* PIOMP4Status.h in Headers */ = {isa = PBXBuildFile; fileRef = 4D2055E42038949000AE832F /* PIOMP4Status.h */; settings = {ATTRIBUTES = (Public, ); }; };
		4D2055E82038949000AE832F /* PIOMP4Status.h in Headers */ = {isa = PBXBuildFile; fileRef = 4D2055E42038949000AE832F /* PIOMP4Status.h */; settings = {ATTRIBUTES = (Public, ); }; };
		4D2055E92038949000AE832F /* PIOMP4Status.h in Headers */ = {isa = PBXBuildFile; fileRef = 4D2055E42038949000AE832F /* PIOMP4Status.h */; settings = {ATTRIBUTES = (Public, ); }; };
		4D2055EA2038949000AE832F /* PIOMP4Status.m in Sources */ = {isa = PBXBuildFile; fileRef = 4D2055E52038949000AE832F /* PIOMP4Status.m */; };
		4D2055EB2038949000AE832F /* PIOMP4Status.m in Sources */ = {isa = PBXBuildFile; fileRef = 4D2055E52038949000AE832F /* PIOMP4Status.m */; };
		4D2055EC2038949000AE832F /* PIOMP4Status.m in Sources */ = {isa = PBXBuildFile; fileRef = 4D2055E52038949000AE832F /* PIOMP4Status.m */; };
		4D2055ED2038949000AE832F /* PIOMP4Status.m in Sources */ = {isa = PBXBuildFile; fileRef = 4D2055E52038949000AE832F /* PIOMP4Status.m */; };
		4D2055EF2038977000AE832F /* PIOObjectProtocol.h in Headers */ = {isa = PBXBuildFile; fileRef = 4D2055EE2038977000AE832F /* PIOObjectProtocol.h */; };
		4D2055F02038977000AE832F /* PIOObjectProtocol.h in Headers */ = {isa = PBXBuildFile; fileRef = 4D2055EE2038977000AE832F /* PIOObjectProtocol.h */; };
		4D2055F12038977000AE832F /* PIOObjectProtocol.h in Headers */ = {isa = PBXBuildFile; fileRef = 4D2055EE2038977000AE832F /* PIOObjectProtocol.h */; };
		4D2055F22038977000AE832F /* PIOObjectProtocol.h in Headers */ = {isa = PBXBuildFile; fileRef = 4D2055EE2038977000AE832F /* PIOObjectProtocol.h */; };
		4D2055F9203B3FA600AE832F /* PIOAuth.h in Headers */ = {isa = PBXBuildFile; fileRef = 4D2055F7203B3FA600AE832F /* PIOAuth.h */; settings = {ATTRIBUTES = (Public, ); }; };
		4D2055FA203B3FA600AE832F /* PIOAuth.h in Headers */ = {isa = PBXBuildFile; fileRef = 4D2055F7203B3FA600AE832F /* PIOAuth.h */; settings = {ATTRIBUTES = (Public, ); }; };
		4D2055FB203B3FA600AE832F /* PIOAuth.h in Headers */ = {isa = PBXBuildFile; fileRef = 4D2055F7203B3FA600AE832F /* PIOAuth.h */; settings = {ATTRIBUTES = (Public, ); }; };
		4D2055FC203B3FA600AE832F /* PIOAuth.h in Headers */ = {isa = PBXBuildFile; fileRef = 4D2055F7203B3FA600AE832F /* PIOAuth.h */; settings = {ATTRIBUTES = (Public, ); }; };
		4D2055FD203B3FA600AE832F /* PIOAuth.m in Sources */ = {isa = PBXBuildFile; fileRef = 4D2055F8203B3FA600AE832F /* PIOAuth.m */; };
		4D2055FE203B3FA600AE832F /* PIOAuth.m in Sources */ = {isa = PBXBuildFile; fileRef = 4D2055F8203B3FA600AE832F /* PIOAuth.m */; };
		4D2055FF203B3FA600AE832F /* PIOAuth.m in Sources */ = {isa = PBXBuildFile; fileRef = 4D2055F8203B3FA600AE832F /* PIOAuth.m */; };
		4D205600203B3FA600AE832F /* PIOAuth.m in Sources */ = {isa = PBXBuildFile; fileRef = 4D2055F8203B3FA600AE832F /* PIOAuth.m */; };
		4D205603203C8E3600AE832F /* PIOEndpoints.h in Headers */ = {isa = PBXBuildFile; fileRef = 4D205602203C8E3600AE832F /* PIOEndpoints.h */; };
		4D205604203C8E3600AE832F /* PIOEndpoints.h in Headers */ = {isa = PBXBuildFile; fileRef = 4D205602203C8E3600AE832F /* PIOEndpoints.h */; };
		4D205605203C8E3600AE832F /* PIOEndpoints.h in Headers */ = {isa = PBXBuildFile; fileRef = 4D205602203C8E3600AE832F /* PIOEndpoints.h */; };
		4D205606203C8E3600AE832F /* PIOEndpoints.h in Headers */ = {isa = PBXBuildFile; fileRef = 4D205602203C8E3600AE832F /* PIOEndpoints.h */; };
		4D205608203C94CF00AE832F /* PIOAuthenticatorDelegate.h in Headers */ = {isa = PBXBuildFile; fileRef = 4D205607203C94CF00AE832F /* PIOAuthenticatorDelegate.h */; settings = {ATTRIBUTES = (Public, ); }; };
		4D205609203C94CF00AE832F /* PIOAuthenticatorDelegate.h in Headers */ = {isa = PBXBuildFile; fileRef = 4D205607203C94CF00AE832F /* PIOAuthenticatorDelegate.h */; settings = {ATTRIBUTES = (Public, ); }; };
		4D20560A203C94CF00AE832F /* PIOAuthenticatorDelegate.h in Headers */ = {isa = PBXBuildFile; fileRef = 4D205607203C94CF00AE832F /* PIOAuthenticatorDelegate.h */; settings = {ATTRIBUTES = (Public, ); }; };
		4D20560B203C94CF00AE832F /* PIOAuthenticatorDelegate.h in Headers */ = {isa = PBXBuildFile; fileRef = 4D205607203C94CF00AE832F /* PIOAuthenticatorDelegate.h */; settings = {ATTRIBUTES = (Public, ); }; };
		4D20560F203C964E00AE832F /* AFOAuthCredential.m in Sources */ = {isa = PBXBuildFile; fileRef = 4D20560D203C964E00AE832F /* AFOAuthCredential.m */; };
		4D205610203C964E00AE832F /* AFOAuthCredential.h in Headers */ = {isa = PBXBuildFile; fileRef = 4D20560E203C964E00AE832F /* AFOAuthCredential.h */; settings = {ATTRIBUTES = (Public, ); }; };
		4D205611203C967C00AE832F /* AFOAuthCredential.h in Headers */ = {isa = PBXBuildFile; fileRef = 4D20560E203C964E00AE832F /* AFOAuthCredential.h */; settings = {ATTRIBUTES = (Public, ); }; };
		4D205612203C967C00AE832F /* AFOAuthCredential.m in Sources */ = {isa = PBXBuildFile; fileRef = 4D20560D203C964E00AE832F /* AFOAuthCredential.m */; };
		4D205613203C967D00AE832F /* AFOAuthCredential.h in Headers */ = {isa = PBXBuildFile; fileRef = 4D20560E203C964E00AE832F /* AFOAuthCredential.h */; settings = {ATTRIBUTES = (Public, ); }; };
		4D205614203C967D00AE832F /* AFOAuthCredential.m in Sources */ = {isa = PBXBuildFile; fileRef = 4D20560D203C964E00AE832F /* AFOAuthCredential.m */; };
		4D205615203C967D00AE832F /* AFOAuthCredential.h in Headers */ = {isa = PBXBuildFile; fileRef = 4D20560E203C964E00AE832F /* AFOAuthCredential.h */; settings = {ATTRIBUTES = (Public, ); }; };
		4D205616203C967D00AE832F /* AFOAuthCredential.m in Sources */ = {isa = PBXBuildFile; fileRef = 4D20560D203C964E00AE832F /* AFOAuthCredential.m */; };
		4D205619203CA18B00AE832F /* PIOAPI+Files.h in Headers */ = {isa = PBXBuildFile; fileRef = 4D205617203CA18B00AE832F /* PIOAPI+Files.h */; settings = {ATTRIBUTES = (Public, ); }; };
		4D20561A203CA18B00AE832F /* PIOAPI+Files.h in Headers */ = {isa = PBXBuildFile; fileRef = 4D205617203CA18B00AE832F /* PIOAPI+Files.h */; settings = {ATTRIBUTES = (Public, ); }; };
		4D20561B203CA18B00AE832F /* PIOAPI+Files.h in Headers */ = {isa = PBXBuildFile; fileRef = 4D205617203CA18B00AE832F /* PIOAPI+Files.h */; settings = {ATTRIBUTES = (Public, ); }; };
		4D20561C203CA18B00AE832F /* PIOAPI+Files.h in Headers */ = {isa = PBXBuildFile; fileRef = 4D205617203CA18B00AE832F /* PIOAPI+Files.h */; settings = {ATTRIBUTES = (Public, ); }; };
		4D20561D203CA18B00AE832F /* PIOAPI+Files.m in Sources */ = {isa = PBXBuildFile; fileRef = 4D205618203CA18B00AE832F /* PIOAPI+Files.m */; };
		4D20561E203CA18B00AE832F /* PIOAPI+Files.m in Sources */ = {isa = PBXBuildFile; fileRef = 4D205618203CA18B00AE832F /* PIOAPI+Files.m */; };
		4D20561F203CA18B00AE832F /* PIOAPI+Files.m in Sources */ = {isa = PBXBuildFile; fileRef = 4D205618203CA18B00AE832F /* PIOAPI+Files.m */; };
		4D205620203CA18B00AE832F /* PIOAPI+Files.m in Sources */ = {isa = PBXBuildFile; fileRef = 4D205618203CA18B00AE832F /* PIOAPI+Files.m */; };
		4D205622203CA44800AE832F /* PIOError.h in Headers */ = {isa = PBXBuildFile; fileRef = 4D205621203CA44800AE832F /* PIOError.h */; };
		4D205623203CA44800AE832F /* PIOError.h in Headers */ = {isa = PBXBuildFile; fileRef = 4D205621203CA44800AE832F /* PIOError.h */; };
		4D205624203CA44800AE832F /* PIOError.h in Headers */ = {isa = PBXBuildFile; fileRef = 4D205621203CA44800AE832F /* PIOError.h */; };
		4D205625203CA44800AE832F /* PIOError.h in Headers */ = {isa = PBXBuildFile; fileRef = 4D205621203CA44800AE832F /* PIOError.h */; };
		4D205627203CA48300AE832F /* PIOError.m in Sources */ = {isa = PBXBuildFile; fileRef = 4D205626203CA48300AE832F /* PIOError.m */; };
		4D205628203CA48300AE832F /* PIOError.m in Sources */ = {isa = PBXBuildFile; fileRef = 4D205626203CA48300AE832F /* PIOError.m */; };
		4D205629203CA48300AE832F /* PIOError.m in Sources */ = {isa = PBXBuildFile; fileRef = 4D205626203CA48300AE832F /* PIOError.m */; };
		4D20562A203CA48300AE832F /* PIOError.m in Sources */ = {isa = PBXBuildFile; fileRef = 4D205626203CA48300AE832F /* PIOError.m */; };
		4D20562D203CEB6800AE832F /* PIOEndpoints.m in Sources */ = {isa = PBXBuildFile; fileRef = 4D20562C203CEB6800AE832F /* PIOEndpoints.m */; };
		4D20562E203CEB6800AE832F /* PIOEndpoints.m in Sources */ = {isa = PBXBuildFile; fileRef = 4D20562C203CEB6800AE832F /* PIOEndpoints.m */; };
		4D20562F203CEB6800AE832F /* PIOEndpoints.m in Sources */ = {isa = PBXBuildFile; fileRef = 4D20562C203CEB6800AE832F /* PIOEndpoints.m */; };
		4D205630203CEB6800AE832F /* PIOEndpoints.m in Sources */ = {isa = PBXBuildFile; fileRef = 4D20562C203CEB6800AE832F /* PIOEndpoints.m */; };
		4DAEEB66203F45E800F62548 /* PIOMP4Conversion.h in Headers */ = {isa = PBXBuildFile; fileRef = 4DAEEB64203F45E800F62548 /* PIOMP4Conversion.h */; settings = {ATTRIBUTES = (Public, ); }; };
		4DAEEB67203F45E800F62548 /* PIOMP4Conversion.h in Headers */ = {isa = PBXBuildFile; fileRef = 4DAEEB64203F45E800F62548 /* PIOMP4Conversion.h */; settings = {ATTRIBUTES = (Public, ); }; };
		4DAEEB68203F45E800F62548 /* PIOMP4Conversion.h in Headers */ = {isa = PBXBuildFile; fileRef = 4DAEEB64203F45E800F62548 /* PIOMP4Conversion.h */; settings = {ATTRIBUTES = (Public, ); }; };
		4DAEEB69203F45E800F62548 /* PIOMP4Conversion.h in Headers */ = {isa = PBXBuildFile; fileRef = 4DAEEB64203F45E800F62548 /* PIOMP4Conversion.h */; settings = {ATTRIBUTES = (Public, ); }; };
		4DAEEB6A203F45E800F62548 /* PIOMP4Conversion.m in Sources */ = {isa = PBXBuildFile; fileRef = 4DAEEB65203F45E800F62548 /* PIOMP4Conversion.m */; };
		4DAEEB6B203F45E800F62548 /* PIOMP4Conversion.m in Sources */ = {isa = PBXBuildFile; fileRef = 4DAEEB65203F45E800F62548 /* PIOMP4Conversion.m */; };
		4DAEEB6C203F45E800F62548 /* PIOMP4Conversion.m in Sources */ = {isa = PBXBuildFile; fileRef = 4DAEEB65203F45E800F62548 /* PIOMP4Conversion.m */; };
		4DAEEB6D203F45E800F62548 /* PIOMP4Conversion.m in Sources */ = {isa = PBXBuildFile; fileRef = 4DAEEB65203F45E800F62548 /* PIOMP4Conversion.m */; };
		4DAEEB702040778100F62548 /* PIOShare.h in Headers */ = {isa = PBXBuildFile; fileRef = 4DAEEB6E2040778100F62548 /* PIOShare.h */; settings = {ATTRIBUTES = (Public, ); }; };
		4DAEEB712040778100F62548 /* PIOShare.h in Headers */ = {isa = PBXBuildFile; fileRef = 4DAEEB6E2040778100F62548 /* PIOShare.h */; settings = {ATTRIBUTES = (Public, ); }; };
		4DAEEB722040778100F62548 /* PIOShare.h in Headers */ = {isa = PBXBuildFile; fileRef = 4DAEEB6E2040778100F62548 /* PIOShare.h */; settings = {ATTRIBUTES = (Public, ); }; };
		4DAEEB732040778100F62548 /* PIOShare.h in Headers */ = {isa = PBXBuildFile; fileRef = 4DAEEB6E2040778100F62548 /* PIOShare.h */; settings = {ATTRIBUTES = (Public, ); }; };
		4DAEEB742040778100F62548 /* PIOShare.m in Sources */ = {isa = PBXBuildFile; fileRef = 4DAEEB6F2040778100F62548 /* PIOShare.m */; };
		4DAEEB752040778100F62548 /* PIOShare.m in Sources */ = {isa = PBXBuildFile; fileRef = 4DAEEB6F2040778100F62548 /* PIOShare.m */; };
		4DAEEB762040778100F62548 /* PIOShare.m in Sources */ = {isa = PBXBuildFile; fileRef = 4DAEEB6F2040778100F62548 /* PIOShare.m */; };
		4DAEEB772040778100F62548 /* PIOShare.m in Sources */ = {isa = PBXBuildFile; fileRef = 4DAEEB6F2040778100F62548 /* PIOShare.m */; };
		4DAEEB7A2040E00300F62548 /* PIOShareRecipient.h in Headers */ = {isa = PBXBuildFile; fileRef = 4DAEEB782040E00300F62548 /* PIOShareRecipient.h */; settings = {ATTRIBUTES = (Public, ); }; };
		4DAEEB7B2040E00300F62548 /* PIOShareRecipient.h in Headers */ = {isa = PBXBuildFile; fileRef = 4DAEEB782040E00300F62548 /* PIOShareRecipient.h */; settings = {ATTRIBUTES = (Public, ); }; };
		4DAEEB7C2040E00300F62548 /* PIOShareRecipient.h in Headers */ = {isa = PBXBuildFile; fileRef = 4DAEEB782040E00300F62548 /* PIOShareRecipient.h */; settings = {ATTRIBUTES = (Public, ); }; };
		4DAEEB7D2040E00300F62548 /* PIOShareRecipient.h in Headers */ = {isa = PBXBuildFile; fileRef = 4DAEEB782040E00300F62548 /* PIOShareRecipient.h */; settings = {ATTRIBUTES = (Public, ); }; };
		4DAEEB7E2040E00300F62548 /* PIOShareRecipient.m in Sources */ = {isa = PBXBuildFile; fileRef = 4DAEEB792040E00300F62548 /* PIOShareRecipient.m */; };
		4DAEEB7F2040E00300F62548 /* PIOShareRecipient.m in Sources */ = {isa = PBXBuildFile; fileRef = 4DAEEB792040E00300F62548 /* PIOShareRecipient.m */; };
		4DAEEB802040E00300F62548 /* PIOShareRecipient.m in Sources */ = {isa = PBXBuildFile; fileRef = 4DAEEB792040E00300F62548 /* PIOShareRecipient.m */; };
		4DAEEB812040E00300F62548 /* PIOShareRecipient.m in Sources */ = {isa = PBXBuildFile; fileRef = 4DAEEB792040E00300F62548 /* PIOShareRecipient.m */; };
		4DAEEB8420418E3B00F62548 /* PIOSubtitleFormat.h in Headers */ = {isa = PBXBuildFile; fileRef = 4DAEEB8220418E3B00F62548 /* PIOSubtitleFormat.h */; settings = {ATTRIBUTES = (Public, ); }; };
		4DAEEB8520418E3B00F62548 /* PIOSubtitleFormat.h in Headers */ = {isa = PBXBuildFile; fileRef = 4DAEEB8220418E3B00F62548 /* PIOSubtitleFormat.h */; settings = {ATTRIBUTES = (Public, ); }; };
		4DAEEB8620418E3B00F62548 /* PIOSubtitleFormat.h in Headers */ = {isa = PBXBuildFile; fileRef = 4DAEEB8220418E3B00F62548 /* PIOSubtitleFormat.h */; settings = {ATTRIBUTES = (Public, ); }; };
		4DAEEB8720418E3B00F62548 /* PIOSubtitleFormat.h in Headers */ = {isa = PBXBuildFile; fileRef = 4DAEEB8220418E3B00F62548 /* PIOSubtitleFormat.h */; settings = {ATTRIBUTES = (Public, ); }; };
		4DAEEB8820418E3B00F62548 /* PIOSubtitleFormat.m in Sources */ = {isa = PBXBuildFile; fileRef = 4DAEEB8320418E3B00F62548 /* PIOSubtitleFormat.m */; };
		4DAEEB8920418E3B00F62548 /* PIOSubtitleFormat.m in Sources */ = {isa = PBXBuildFile; fileRef = 4DAEEB8320418E3B00F62548 /* PIOSubtitleFormat.m */; };
		4DAEEB8A20418E3B00F62548 /* PIOSubtitleFormat.m in Sources */ = {isa = PBXBuildFile; fileRef = 4DAEEB8320418E3B00F62548 /* PIOSubtitleFormat.m */; };
		4DAEEB8B20418E3B00F62548 /* PIOSubtitleFormat.m in Sources */ = {isa = PBXBuildFile; fileRef = 4DAEEB8320418E3B00F62548 /* PIOSubtitleFormat.m */; };
		4DAEEB8E204215D700F62548 /* PIOAPI+Transfers.h in Headers */ = {isa = PBXBuildFile; fileRef = 4DAEEB8C204215D700F62548 /* PIOAPI+Transfers.h */; settings = {ATTRIBUTES = (Public, ); }; };
		4DAEEB8F204215D700F62548 /* PIOAPI+Transfers.h in Headers */ = {isa = PBXBuildFile; fileRef = 4DAEEB8C204215D700F62548 /* PIOAPI+Transfers.h */; settings = {ATTRIBUTES = (Public, ); }; };
		4DAEEB90204215D700F62548 /* PIOAPI+Transfers.h in Headers */ = {isa = PBXBuildFile; fileRef = 4DAEEB8C204215D700F62548 /* PIOAPI+Transfers.h */; settings = {ATTRIBUTES = (Public, ); }; };
		4DAEEB91204215D700F62548 /* PIOAPI+Transfers.h in Headers */ = {isa = PBXBuildFile; fileRef = 4DAEEB8C204215D700F62548 /* PIOAPI+Transfers.h */; settings = {ATTRIBUTES = (Public, ); }; };
		4DAEEB92204215D700F62548 /* PIOAPI+Transfers.m in Sources */ = {isa = PBXBuildFile; fileRef = 4DAEEB8D204215D700F62548 /* PIOAPI+Transfers.m */; };
		4DAEEB93204215D700F62548 /* PIOAPI+Transfers.m in Sources */ = {isa = PBXBuildFile; fileRef = 4DAEEB8D204215D700F62548 /* PIOAPI+Transfers.m */; };
		4DAEEB94204215D700F62548 /* PIOAPI+Transfers.m in Sources */ = {isa = PBXBuildFile; fileRef = 4DAEEB8D204215D700F62548 /* PIOAPI+Transfers.m */; };
		4DAEEB95204215D700F62548 /* PIOAPI+Transfers.m in Sources */ = {isa = PBXBuildFile; fileRef = 4DAEEB8D204215D700F62548 /* PIOAPI+Transfers.m */; };
		4DAEEB9720421C1E00F62548 /* PIOErrorOnlyCallback.h in Headers */ = {isa = PBXBuildFile; fileRef = 4DAEEB9620421C1E00F62548 /* PIOErrorOnlyCallback.h */; settings = {ATTRIBUTES = (Public, ); }; };
		4DAEEB9820421C1E00F62548 /* PIOErrorOnlyCallback.h in Headers */ = {isa = PBXBuildFile; fileRef = 4DAEEB9620421C1E00F62548 /* PIOErrorOnlyCallback.h */; settings = {ATTRIBUTES = (Public, ); }; };
		4DAEEB9920421C1E00F62548 /* PIOErrorOnlyCallback.h in Headers */ = {isa = PBXBuildFile; fileRef = 4DAEEB9620421C1E00F62548 /* PIOErrorOnlyCallback.h */; settings = {ATTRIBUTES = (Public, ); }; };
		4DAEEB9A20421C1E00F62548 /* PIOErrorOnlyCallback.h in Headers */ = {isa = PBXBuildFile; fileRef = 4DAEEB9620421C1E00F62548 /* PIOErrorOnlyCallback.h */; settings = {ATTRIBUTES = (Public, ); }; };
		4DAEEBA6204232E600F62548 /* PIOAPI.h in Headers */ = {isa = PBXBuildFile; fileRef = 4DAEEBA5204232E600F62548 /* PIOAPI.h */; settings = {ATTRIBUTES = (Public, ); }; };
		4DAEEBA7204232E600F62548 /* PIOAPI.h in Headers */ = {isa = PBXBuildFile; fileRef = 4DAEEBA5204232E600F62548 /* PIOAPI.h */; settings = {ATTRIBUTES = (Public, ); }; };
		4DAEEBA8204232E600F62548 /* PIOAPI.h in Headers */ = {isa = PBXBuildFile; fileRef = 4DAEEBA5204232E600F62548 /* PIOAPI.h */; settings = {ATTRIBUTES = (Public, ); }; };
		4DAEEBA9204232E600F62548 /* PIOAPI.h in Headers */ = {isa = PBXBuildFile; fileRef = 4DAEEBA5204232E600F62548 /* PIOAPI.h */; settings = {ATTRIBUTES = (Public, ); }; };
		4DAEEBAB204235E200F62548 /* PIOAPI.m in Sources */ = {isa = PBXBuildFile; fileRef = 4DAEEBAA204235E200F62548 /* PIOAPI.m */; };
		4DAEEBAC204235E200F62548 /* PIOAPI.m in Sources */ = {isa = PBXBuildFile; fileRef = 4DAEEBAA204235E200F62548 /* PIOAPI.m */; };
		4DAEEBAD204235E200F62548 /* PIOAPI.m in Sources */ = {isa = PBXBuildFile; fileRef = 4DAEEBAA204235E200F62548 /* PIOAPI.m */; };
		4DAEEBAE204235E200F62548 /* PIOAPI.m in Sources */ = {isa = PBXBuildFile; fileRef = 4DAEEBAA204235E200F62548 /* PIOAPI.m */; };
		4DAEEBB12042373E00F62548 /* PIOAPI+Friends.h in Headers */ = {isa = PBXBuildFile; fileRef = 4DAEEBAF2042373E00F62548 /* PIOAPI+Friends.h */; settings = {ATTRIBUTES = (Public, ); }; };
		4DAEEBB22042373E00F62548 /* PIOAPI+Friends.h in Headers */ = {isa = PBXBuildFile; fileRef = 4DAEEBAF2042373E00F62548 /* PIOAPI+Friends.h */; settings = {ATTRIBUTES = (Public, ); }; };
		4DAEEBB32042373E00F62548 /* PIOAPI+Friends.h in Headers */ = {isa = PBXBuildFile; fileRef = 4DAEEBAF2042373E00F62548 /* PIOAPI+Friends.h */; settings = {ATTRIBUTES = (Public, ); }; };
		4DAEEBB42042373E00F62548 /* PIOAPI+Friends.h in Headers */ = {isa = PBXBuildFile; fileRef = 4DAEEBAF2042373E00F62548 /* PIOAPI+Friends.h */; settings = {ATTRIBUTES = (Public, ); }; };
		4DAEEBB52042373E00F62548 /* PIOAPI+Friends.m in Sources */ = {isa = PBXBuildFile; fileRef = 4DAEEBB02042373E00F62548 /* PIOAPI+Friends.m */; };
		4DAEEBB62042373E00F62548 /* PIOAPI+Friends.m in Sources */ = {isa = PBXBuildFile; fileRef = 4DAEEBB02042373E00F62548 /* PIOAPI+Friends.m */; };
		4DAEEBB72042373E00F62548 /* PIOAPI+Friends.m in Sources */ = {isa = PBXBuildFile; fileRef = 4DAEEBB02042373E00F62548 /* PIOAPI+Friends.m */; };
		4DAEEBB82042373E00F62548 /* PIOAPI+Friends.m in Sources */ = {isa = PBXBuildFile; fileRef = 4DAEEBB02042373E00F62548 /* PIOAPI+Friends.m */; };
		4DAEEBBB20423DA300F62548 /* PIOAPI+Account.h in Headers */ = {isa = PBXBuildFile; fileRef = 4DAEEBB920423DA300F62548 /* PIOAPI+Account.h */; settings = {ATTRIBUTES = (Public, ); }; };
		4DAEEBBC20423DA300F62548 /* PIOAPI+Account.h in Headers */ = {isa = PBXBuildFile; fileRef = 4DAEEBB920423DA300F62548 /* PIOAPI+Account.h */; settings = {ATTRIBUTES = (Public, ); }; };
		4DAEEBBD20423DA300F62548 /* PIOAPI+Account.h in Headers */ = {isa = PBXBuildFile; fileRef = 4DAEEBB920423DA300F62548 /* PIOAPI+Account.h */; settings = {ATTRIBUTES = (Public, ); }; };
		4DAEEBBE20423DA300F62548 /* PIOAPI+Account.h in Headers */ = {isa = PBXBuildFile; fileRef = 4DAEEBB920423DA300F62548 /* PIOAPI+Account.h */; settings = {ATTRIBUTES = (Public, ); }; };
		4DAEEBBF20423DA300F62548 /* PIOAPI+Account.m in Sources */ = {isa = PBXBuildFile; fileRef = 4DAEEBBA20423DA300F62548 /* PIOAPI+Account.m */; };
		4DAEEBC020423DA300F62548 /* PIOAPI+Account.m in Sources */ = {isa = PBXBuildFile; fileRef = 4DAEEBBA20423DA300F62548 /* PIOAPI+Account.m */; };
		4DAEEBC120423DA300F62548 /* PIOAPI+Account.m in Sources */ = {isa = PBXBuildFile; fileRef = 4DAEEBBA20423DA300F62548 /* PIOAPI+Account.m */; };
		4DAEEBC220423DA300F62548 /* PIOAPI+Account.m in Sources */ = {isa = PBXBuildFile; fileRef = 4DAEEBBA20423DA300F62548 /* PIOAPI+Account.m */; };
		4DAEECCD20431C6A00F62548 /* PutKitTests.m in Sources */ = {isa = PBXBuildFile; fileRef = 4DAEECCC20431C6A00F62548 /* PutKitTests.m */; };
		4DAEECCF20431C6A00F62548 /* PutKit.framework in Frameworks */ = {isa = PBXBuildFile; fileRef = 4D20554820385E9A00AE832F /* PutKit.framework */; };
		4DAEECDE20431CA300F62548 /* PutKit.framework in Frameworks */ = {isa = PBXBuildFile; fileRef = 4D20555820385ED200AE832F /* PutKit.framework */; };
		4DAEECE420431CB500F62548 /* PutKitTests.m in Sources */ = {isa = PBXBuildFile; fileRef = 4DAEECCC20431C6A00F62548 /* PutKitTests.m */; };
		4DAEECEE20431CC500F62548 /* PutKit.framework in Frameworks */ = {isa = PBXBuildFile; fileRef = 4D20556520385F7900AE832F /* PutKit.framework */; };
		4DAEECF420431CD600F62548 /* PutKitTests.m in Sources */ = {isa = PBXBuildFile; fileRef = 4DAEECCC20431C6A00F62548 /* PutKitTests.m */; };
/* End PBXBuildFile section */

/* Begin PBXContainerItemProxy section */
		4DAEECD020431C6A00F62548 /* PBXContainerItemProxy */ = {
			isa = PBXContainerItemProxy;
			containerPortal = 4D20553F20385E9A00AE832F /* Project object */;
			proxyType = 1;
			remoteGlobalIDString = 4D20554720385E9A00AE832F;
			remoteInfo = "PutKit iOS";
		};
		4DAEECDF20431CA300F62548 /* PBXContainerItemProxy */ = {
			isa = PBXContainerItemProxy;
			containerPortal = 4D20553F20385E9A00AE832F /* Project object */;
			proxyType = 1;
			remoteGlobalIDString = 4D20555720385ED200AE832F;
			remoteInfo = "PutKit tvOS";
		};
		4DAEECEF20431CC500F62548 /* PBXContainerItemProxy */ = {
			isa = PBXContainerItemProxy;
			containerPortal = 4D20553F20385E9A00AE832F /* Project object */;
			proxyType = 1;
			remoteGlobalIDString = 4D20556420385F7900AE832F;
			remoteInfo = "PutKit macOS";
		};
/* End PBXContainerItemProxy section */

/* Begin PBXFileReference section */
		4D20554820385E9A00AE832F /* PutKit.framework */ = {isa = PBXFileReference; explicitFileType = wrapper.framework; includeInIndex = 0; path = PutKit.framework; sourceTree = BUILT_PRODUCTS_DIR; };
		4D20554B20385E9A00AE832F /* PutKit.h */ = {isa = PBXFileReference; lastKnownFileType = sourcecode.c.h; path = PutKit.h; sourceTree = "<group>"; };
		4D20554C20385E9A00AE832F /* Info.plist */ = {isa = PBXFileReference; lastKnownFileType = text.plist.xml; path = Info.plist; sourceTree = "<group>"; };
		4D20555820385ED200AE832F /* PutKit.framework */ = {isa = PBXFileReference; explicitFileType = wrapper.framework; includeInIndex = 0; path = PutKit.framework; sourceTree = BUILT_PRODUCTS_DIR; };
		4D20556520385F7900AE832F /* PutKit.framework */ = {isa = PBXFileReference; explicitFileType = wrapper.framework; includeInIndex = 0; path = PutKit.framework; sourceTree = BUILT_PRODUCTS_DIR; };
		4D2055732038604400AE832F /* PutKit.framework */ = {isa = PBXFileReference; explicitFileType = wrapper.framework; includeInIndex = 0; path = PutKit.framework; sourceTree = BUILT_PRODUCTS_DIR; };
		4D205580203862BC00AE832F /* PIOFile.h */ = {isa = PBXFileReference; lastKnownFileType = sourcecode.c.h; path = PIOFile.h; sourceTree = "<group>"; };
		4D205581203862BC00AE832F /* PIOFile.m */ = {isa = PBXFileReference; lastKnownFileType = sourcecode.c.objc; path = PIOFile.m; sourceTree = "<group>"; };
		4D20558A2038657400AE832F /* PIOSubtitle.h */ = {isa = PBXFileReference; lastKnownFileType = sourcecode.c.h; path = PIOSubtitle.h; sourceTree = "<group>"; };
		4D20558B2038657400AE832F /* PIOSubtitle.m */ = {isa = PBXFileReference; lastKnownFileType = sourcecode.c.objc; path = PIOSubtitle.m; sourceTree = "<group>"; };
		4D2055942038662700AE832F /* PIOEvent.h */ = {isa = PBXFileReference; lastKnownFileType = sourcecode.c.h; path = PIOEvent.h; sourceTree = "<group>"; };
		4D2055952038662700AE832F /* PIOEvent.m */ = {isa = PBXFileReference; lastKnownFileType = sourcecode.c.objc; path = PIOEvent.m; sourceTree = "<group>"; };
		4D20559E2038669400AE832F /* PIOEventType.h */ = {isa = PBXFileReference; lastKnownFileType = sourcecode.c.h; path = PIOEventType.h; sourceTree = "<group>"; };
		4D2055A3203866DF00AE832F /* PIOEventType.m */ = {isa = PBXFileReference; lastKnownFileType = sourcecode.c.objc; path = PIOEventType.m; sourceTree = "<group>"; };
		4D2055A82038698700AE832F /* PIOTransfer.h */ = {isa = PBXFileReference; lastKnownFileType = sourcecode.c.h; path = PIOTransfer.h; sourceTree = "<group>"; };
		4D2055A92038698700AE832F /* PIOTransfer.m */ = {isa = PBXFileReference; lastKnownFileType = sourcecode.c.objc; path = PIOTransfer.m; sourceTree = "<group>"; };
		4D2055B2203869C600AE832F /* PIOTransferStatus.h */ = {isa = PBXFileReference; lastKnownFileType = sourcecode.c.h; path = PIOTransferStatus.h; sourceTree = "<group>"; };
		4D2055B720386BA400AE832F /* PIOTransferStatus.m */ = {isa = PBXFileReference; lastKnownFileType = sourcecode.c.objc; path = PIOTransferStatus.m; sourceTree = "<group>"; };
		4D2055BC203883BE00AE832F /* PIOFriend.h */ = {isa = PBXFileReference; lastKnownFileType = sourcecode.c.h; path = PIOFriend.h; sourceTree = "<group>"; };
		4D2055BD203883BE00AE832F /* PIOFriend.m */ = {isa = PBXFileReference; lastKnownFileType = sourcecode.c.objc; path = PIOFriend.m; sourceTree = "<group>"; };
		4D2055C62038842E00AE832F /* PIOAccount.h */ = {isa = PBXFileReference; lastKnownFileType = sourcecode.c.h; path = PIOAccount.h; sourceTree = "<group>"; };
		4D2055C72038842E00AE832F /* PIOAccount.m */ = {isa = PBXFileReference; lastKnownFileType = sourcecode.c.objc; path = PIOAccount.m; sourceTree = "<group>"; };
		4D2055D02038843A00AE832F /* PIOAccountSettings.h */ = {isa = PBXFileReference; lastKnownFileType = sourcecode.c.h; path = PIOAccountSettings.h; sourceTree = "<group>"; };
		4D2055D12038843A00AE832F /* PIOAccountSettings.m */ = {isa = PBXFileReference; lastKnownFileType = sourcecode.c.objc; path = PIOAccountSettings.m; sourceTree = "<group>"; };
		4D2055E42038949000AE832F /* PIOMP4Status.h */ = {isa = PBXFileReference; lastKnownFileType = sourcecode.c.h; path = PIOMP4Status.h; sourceTree = "<group>"; };
		4D2055E52038949000AE832F /* PIOMP4Status.m */ = {isa = PBXFileReference; lastKnownFileType = sourcecode.c.objc; path = PIOMP4Status.m; sourceTree = "<group>"; };
		4D2055EE2038977000AE832F /* PIOObjectProtocol.h */ = {isa = PBXFileReference; lastKnownFileType = sourcecode.c.h; path = PIOObjectProtocol.h; sourceTree = "<group>"; };
		4D2055F7203B3FA600AE832F /* PIOAuth.h */ = {isa = PBXFileReference; lastKnownFileType = sourcecode.c.h; path = PIOAuth.h; sourceTree = "<group>"; };
		4D2055F8203B3FA600AE832F /* PIOAuth.m */ = {isa = PBXFileReference; lastKnownFileType = sourcecode.c.objc; path = PIOAuth.m; sourceTree = "<group>"; };
		4D205602203C8E3600AE832F /* PIOEndpoints.h */ = {isa = PBXFileReference; lastKnownFileType = sourcecode.c.h; path = PIOEndpoints.h; sourceTree = "<group>"; };
		4D205607203C94CF00AE832F /* PIOAuthenticatorDelegate.h */ = {isa = PBXFileReference; lastKnownFileType = sourcecode.c.h; path = PIOAuthenticatorDelegate.h; sourceTree = "<group>"; };
		4D20560D203C964E00AE832F /* AFOAuthCredential.m */ = {isa = PBXFileReference; fileEncoding = 4; lastKnownFileType = sourcecode.c.objc; path = AFOAuthCredential.m; sourceTree = "<group>"; };
		4D20560E203C964E00AE832F /* AFOAuthCredential.h */ = {isa = PBXFileReference; fileEncoding = 4; lastKnownFileType = sourcecode.c.h; path = AFOAuthCredential.h; sourceTree = "<group>"; };
		4D205617203CA18B00AE832F /* PIOAPI+Files.h */ = {isa = PBXFileReference; lastKnownFileType = sourcecode.c.h; path = "PIOAPI+Files.h"; sourceTree = "<group>"; };
		4D205618203CA18B00AE832F /* PIOAPI+Files.m */ = {isa = PBXFileReference; lastKnownFileType = sourcecode.c.objc; path = "PIOAPI+Files.m"; sourceTree = "<group>"; };
		4D205621203CA44800AE832F /* PIOError.h */ = {isa = PBXFileReference; lastKnownFileType = sourcecode.c.h; path = PIOError.h; sourceTree = "<group>"; };
		4D205626203CA48300AE832F /* PIOError.m */ = {isa = PBXFileReference; lastKnownFileType = sourcecode.c.objc; path = PIOError.m; sourceTree = "<group>"; };
		4D20562C203CEB6800AE832F /* PIOEndpoints.m */ = {isa = PBXFileReference; lastKnownFileType = sourcecode.c.objc; path = PIOEndpoints.m; sourceTree = "<group>"; };
		4DAEEB64203F45E800F62548 /* PIOMP4Conversion.h */ = {isa = PBXFileReference; lastKnownFileType = sourcecode.c.h; path = PIOMP4Conversion.h; sourceTree = "<group>"; };
		4DAEEB65203F45E800F62548 /* PIOMP4Conversion.m */ = {isa = PBXFileReference; lastKnownFileType = sourcecode.c.objc; path = PIOMP4Conversion.m; sourceTree = "<group>"; };
		4DAEEB6E2040778100F62548 /* PIOShare.h */ = {isa = PBXFileReference; lastKnownFileType = sourcecode.c.h; path = PIOShare.h; sourceTree = "<group>"; };
		4DAEEB6F2040778100F62548 /* PIOShare.m */ = {isa = PBXFileReference; lastKnownFileType = sourcecode.c.objc; path = PIOShare.m; sourceTree = "<group>"; };
		4DAEEB782040E00300F62548 /* PIOShareRecipient.h */ = {isa = PBXFileReference; lastKnownFileType = sourcecode.c.h; path = PIOShareRecipient.h; sourceTree = "<group>"; };
		4DAEEB792040E00300F62548 /* PIOShareRecipient.m */ = {isa = PBXFileReference; lastKnownFileType = sourcecode.c.objc; path = PIOShareRecipient.m; sourceTree = "<group>"; };
		4DAEEB8220418E3B00F62548 /* PIOSubtitleFormat.h */ = {isa = PBXFileReference; lastKnownFileType = sourcecode.c.h; path = PIOSubtitleFormat.h; sourceTree = "<group>"; };
		4DAEEB8320418E3B00F62548 /* PIOSubtitleFormat.m */ = {isa = PBXFileReference; lastKnownFileType = sourcecode.c.objc; path = PIOSubtitleFormat.m; sourceTree = "<group>"; };
		4DAEEB8C204215D700F62548 /* PIOAPI+Transfers.h */ = {isa = PBXFileReference; lastKnownFileType = sourcecode.c.h; path = "PIOAPI+Transfers.h"; sourceTree = "<group>"; };
		4DAEEB8D204215D700F62548 /* PIOAPI+Transfers.m */ = {isa = PBXFileReference; lastKnownFileType = sourcecode.c.objc; path = "PIOAPI+Transfers.m"; sourceTree = "<group>"; };
		4DAEEB9620421C1E00F62548 /* PIOErrorOnlyCallback.h */ = {isa = PBXFileReference; lastKnownFileType = sourcecode.c.h; path = PIOErrorOnlyCallback.h; sourceTree = "<group>"; };
		4DAEEBA5204232E600F62548 /* PIOAPI.h */ = {isa = PBXFileReference; lastKnownFileType = sourcecode.c.h; path = PIOAPI.h; sourceTree = "<group>"; };
		4DAEEBAA204235E200F62548 /* PIOAPI.m */ = {isa = PBXFileReference; lastKnownFileType = sourcecode.c.objc; path = PIOAPI.m; sourceTree = "<group>"; };
		4DAEEBAF2042373E00F62548 /* PIOAPI+Friends.h */ = {isa = PBXFileReference; lastKnownFileType = sourcecode.c.h; path = "PIOAPI+Friends.h"; sourceTree = "<group>"; };
		4DAEEBB02042373E00F62548 /* PIOAPI+Friends.m */ = {isa = PBXFileReference; lastKnownFileType = sourcecode.c.objc; path = "PIOAPI+Friends.m"; sourceTree = "<group>"; };
		4DAEEBB920423DA300F62548 /* PIOAPI+Account.h */ = {isa = PBXFileReference; lastKnownFileType = sourcecode.c.h; path = "PIOAPI+Account.h"; sourceTree = "<group>"; };
		4DAEEBBA20423DA300F62548 /* PIOAPI+Account.m */ = {isa = PBXFileReference; lastKnownFileType = sourcecode.c.objc; path = "PIOAPI+Account.m"; sourceTree = "<group>"; };
		4DAEECCA20431C6A00F62548 /* PutKit iOS Tests.xctest */ = {isa = PBXFileReference; explicitFileType = wrapper.cfbundle; includeInIndex = 0; path = "PutKit iOS Tests.xctest"; sourceTree = BUILT_PRODUCTS_DIR; };
		4DAEECCC20431C6A00F62548 /* PutKitTests.m */ = {isa = PBXFileReference; lastKnownFileType = sourcecode.c.objc; path = PutKitTests.m; sourceTree = "<group>"; };
		4DAEECCE20431C6A00F62548 /* Info.plist */ = {isa = PBXFileReference; lastKnownFileType = text.plist.xml; path = Info.plist; sourceTree = "<group>"; };
		4DAEECD920431CA300F62548 /* PutKit tvOS Tests.xctest */ = {isa = PBXFileReference; explicitFileType = wrapper.cfbundle; includeInIndex = 0; path = "PutKit tvOS Tests.xctest"; sourceTree = BUILT_PRODUCTS_DIR; };
		4DAEECE920431CC500F62548 /* PutKit macOS Tests.xctest */ = {isa = PBXFileReference; explicitFileType = wrapper.cfbundle; includeInIndex = 0; path = "PutKit macOS Tests.xctest"; sourceTree = BUILT_PRODUCTS_DIR; };
/* End PBXFileReference section */

/* Begin PBXFrameworksBuildPhase section */
		4D20554420385E9A00AE832F /* Frameworks */ = {
			isa = PBXFrameworksBuildPhase;
			buildActionMask = 2147483647;
			files = (
			);
			runOnlyForDeploymentPostprocessing = 0;
		};
		4D20555420385ED200AE832F /* Frameworks */ = {
			isa = PBXFrameworksBuildPhase;
			buildActionMask = 2147483647;
			files = (
			);
			runOnlyForDeploymentPostprocessing = 0;
		};
		4D20556120385F7900AE832F /* Frameworks */ = {
			isa = PBXFrameworksBuildPhase;
			buildActionMask = 2147483647;
			files = (
			);
			runOnlyForDeploymentPostprocessing = 0;
		};
		4D20556F2038604400AE832F /* Frameworks */ = {
			isa = PBXFrameworksBuildPhase;
			buildActionMask = 2147483647;
			files = (
			);
			runOnlyForDeploymentPostprocessing = 0;
		};
		4DAEECC720431C6A00F62548 /* Frameworks */ = {
			isa = PBXFrameworksBuildPhase;
			buildActionMask = 2147483647;
			files = (
				4DAEECCF20431C6A00F62548 /* PutKit.framework in Frameworks */,
			);
			runOnlyForDeploymentPostprocessing = 0;
		};
		4DAEECD620431CA300F62548 /* Frameworks */ = {
			isa = PBXFrameworksBuildPhase;
			buildActionMask = 2147483647;
			files = (
				4DAEECDE20431CA300F62548 /* PutKit.framework in Frameworks */,
			);
			runOnlyForDeploymentPostprocessing = 0;
		};
		4DAEECE620431CC500F62548 /* Frameworks */ = {
			isa = PBXFrameworksBuildPhase;
			buildActionMask = 2147483647;
			files = (
				4DAEECEE20431CC500F62548 /* PutKit.framework in Frameworks */,
			);
			runOnlyForDeploymentPostprocessing = 0;
		};
/* End PBXFrameworksBuildPhase section */

/* Begin PBXGroup section */
		4D20553E20385E9A00AE832F = {
			isa = PBXGroup;
			children = (
				4D20556D20385FDB00AE832F /* Framework */,
				4D20554A20385E9A00AE832F /* PutKit */,
				4DAEECCB20431C6A00F62548 /* PutKitTests */,
				4D20554920385E9A00AE832F /* Products */,
			);
			sourceTree = "<group>";
		};
		4D20554920385E9A00AE832F /* Products */ = {
			isa = PBXGroup;
			children = (
				4D20554820385E9A00AE832F /* PutKit.framework */,
				4D20555820385ED200AE832F /* PutKit.framework */,
				4D20556520385F7900AE832F /* PutKit.framework */,
				4D2055732038604400AE832F /* PutKit.framework */,
				4DAEECCA20431C6A00F62548 /* PutKit iOS Tests.xctest */,
				4DAEECD920431CA300F62548 /* PutKit tvOS Tests.xctest */,
				4DAEECE920431CC500F62548 /* PutKit macOS Tests.xctest */,
			);
			name = Products;
			sourceTree = "<group>";
		};
		4D20554A20385E9A00AE832F /* PutKit */ = {
			isa = PBXGroup;
			children = (
				4D205601203C8E1F00AE832F /* Private */,
				4D2055F6203B3F1E00AE832F /* Authentication */,
				4D20557F2038617D00AE832F /* Methods */,
				4D20557E2038617300AE832F /* Models */,
				4D20560C203C963100AE832F /* Supporting Files */,
			);
			path = PutKit;
			sourceTree = "<group>";
		};
		4D20556D20385FDB00AE832F /* Framework */ = {
			isa = PBXGroup;
			children = (
				4D20554B20385E9A00AE832F /* PutKit.h */,
				4D20554C20385E9A00AE832F /* Info.plist */,
			);
			path = Framework;
			sourceTree = "<group>";
		};
		4D20557E2038617300AE832F /* Models */ = {
			isa = PBXGroup;
			children = (
				4DAEEB9620421C1E00F62548 /* PIOErrorOnlyCallback.h */,
				4D205580203862BC00AE832F /* PIOFile.h */,
				4D205581203862BC00AE832F /* PIOFile.m */,
				4DAEEB6E2040778100F62548 /* PIOShare.h */,
				4DAEEB6F2040778100F62548 /* PIOShare.m */,
				4DAEEB782040E00300F62548 /* PIOShareRecipient.h */,
				4DAEEB792040E00300F62548 /* PIOShareRecipient.m */,
				4D20558A2038657400AE832F /* PIOSubtitle.h */,
				4D20558B2038657400AE832F /* PIOSubtitle.m */,
				4DAEEB8220418E3B00F62548 /* PIOSubtitleFormat.h */,
				4DAEEB8320418E3B00F62548 /* PIOSubtitleFormat.m */,
				4D20559E2038669400AE832F /* PIOEventType.h */,
				4D2055A3203866DF00AE832F /* PIOEventType.m */,
				4D2055942038662700AE832F /* PIOEvent.h */,
				4D2055952038662700AE832F /* PIOEvent.m */,
				4D2055E42038949000AE832F /* PIOMP4Status.h */,
				4D2055E52038949000AE832F /* PIOMP4Status.m */,
				4DAEEB64203F45E800F62548 /* PIOMP4Conversion.h */,
				4DAEEB65203F45E800F62548 /* PIOMP4Conversion.m */,
				4D2055B2203869C600AE832F /* PIOTransferStatus.h */,
				4D2055B720386BA400AE832F /* PIOTransferStatus.m */,
				4D2055A82038698700AE832F /* PIOTransfer.h */,
				4D2055A92038698700AE832F /* PIOTransfer.m */,
				4D2055BC203883BE00AE832F /* PIOFriend.h */,
				4D2055BD203883BE00AE832F /* PIOFriend.m */,
				4D2055C62038842E00AE832F /* PIOAccount.h */,
				4D2055C72038842E00AE832F /* PIOAccount.m */,
				4D2055D02038843A00AE832F /* PIOAccountSettings.h */,
				4D2055D12038843A00AE832F /* PIOAccountSettings.m */,
			);
			path = Models;
			sourceTree = "<group>";
		};
		4D20557F2038617D00AE832F /* Methods */ = {
			isa = PBXGroup;
			children = (
				4DAEEBA5204232E600F62548 /* PIOAPI.h */,
				4DAEEBAA204235E200F62548 /* PIOAPI.m */,
				4D205617203CA18B00AE832F /* PIOAPI+Files.h */,
				4D205618203CA18B00AE832F /* PIOAPI+Files.m */,
				4DAEEB8C204215D700F62548 /* PIOAPI+Transfers.h */,
				4DAEEB8D204215D700F62548 /* PIOAPI+Transfers.m */,
				4DAEEBAF2042373E00F62548 /* PIOAPI+Friends.h */,
				4DAEEBB02042373E00F62548 /* PIOAPI+Friends.m */,
				4DAEEBB920423DA300F62548 /* PIOAPI+Account.h */,
				4DAEEBBA20423DA300F62548 /* PIOAPI+Account.m */,
			);
			path = Methods;
			sourceTree = "<group>";
		};
		4D2055F6203B3F1E00AE832F /* Authentication */ = {
			isa = PBXGroup;
			children = (
				4D205607203C94CF00AE832F /* PIOAuthenticatorDelegate.h */,
				4D2055F7203B3FA600AE832F /* PIOAuth.h */,
				4D2055F8203B3FA600AE832F /* PIOAuth.m */,
			);
			path = Authentication;
			sourceTree = "<group>";
		};
		4D205601203C8E1F00AE832F /* Private */ = {
			isa = PBXGroup;
			children = (
				4D2055EE2038977000AE832F /* PIOObjectProtocol.h */,
				4D205602203C8E3600AE832F /* PIOEndpoints.h */,
				4D20562C203CEB6800AE832F /* PIOEndpoints.m */,
				4D205621203CA44800AE832F /* PIOError.h */,
				4D205626203CA48300AE832F /* PIOError.m */,
			);
			path = Private;
			sourceTree = "<group>";
		};
		4D20560C203C963100AE832F /* Supporting Files */ = {
			isa = PBXGroup;
			children = (
				4D20560E203C964E00AE832F /* AFOAuthCredential.h */,
				4D20560D203C964E00AE832F /* AFOAuthCredential.m */,
			);
			path = "Supporting Files";
			sourceTree = "<group>";
		};
		4DAEECCB20431C6A00F62548 /* PutKitTests */ = {
			isa = PBXGroup;
			children = (
				4DAEECCC20431C6A00F62548 /* PutKitTests.m */,
				4DAEECCE20431C6A00F62548 /* Info.plist */,
			);
			path = PutKitTests;
			sourceTree = "<group>";
		};
/* End PBXGroup section */

/* Begin PBXHeadersBuildPhase section */
		4D20554520385E9A00AE832F /* Headers */ = {
			isa = PBXHeadersBuildPhase;
			buildActionMask = 2147483647;
			files = (
				4D2055EF2038977000AE832F /* PIOObjectProtocol.h in Headers */,
				4D2055962038662700AE832F /* PIOEvent.h in Headers */,
				4D20559F2038669400AE832F /* PIOEventType.h in Headers */,
				4DAEEB7A2040E00300F62548 /* PIOShareRecipient.h in Headers */,
				4D205619203CA18B00AE832F /* PIOAPI+Files.h in Headers */,
				4D205608203C94CF00AE832F /* PIOAuthenticatorDelegate.h in Headers */,
				4D2055C82038842E00AE832F /* PIOAccount.h in Headers */,
				4DAEEB9720421C1E00F62548 /* PIOErrorOnlyCallback.h in Headers */,
				4D20554D20385E9A00AE832F /* PutKit.h in Headers */,
				4D2055D22038843A00AE832F /* PIOAccountSettings.h in Headers */,
				4DAEEBA6204232E600F62548 /* PIOAPI.h in Headers */,
				4D2055E62038949000AE832F /* PIOMP4Status.h in Headers */,
				4D2055BE203883BE00AE832F /* PIOFriend.h in Headers */,
				4D205622203CA44800AE832F /* PIOError.h in Headers */,
				4DAEEB66203F45E800F62548 /* PIOMP4Conversion.h in Headers */,
				4D20558C2038657400AE832F /* PIOSubtitle.h in Headers */,
				4DAEEB8E204215D700F62548 /* PIOAPI+Transfers.h in Headers */,
				4D2055AA2038698700AE832F /* PIOTransfer.h in Headers */,
				4DAEEB8420418E3B00F62548 /* PIOSubtitleFormat.h in Headers */,
				4D2055F9203B3FA600AE832F /* PIOAuth.h in Headers */,
				4DAEEBB12042373E00F62548 /* PIOAPI+Friends.h in Headers */,
				4D205610203C964E00AE832F /* AFOAuthCredential.h in Headers */,
				4D205603203C8E3600AE832F /* PIOEndpoints.h in Headers */,
				4DAEEB702040778100F62548 /* PIOShare.h in Headers */,
				4D205582203862BC00AE832F /* PIOFile.h in Headers */,
				4DAEEBBB20423DA300F62548 /* PIOAPI+Account.h in Headers */,
				4D2055B3203869C600AE832F /* PIOTransferStatus.h in Headers */,
			);
			runOnlyForDeploymentPostprocessing = 0;
		};
		4D20555520385ED200AE832F /* Headers */ = {
			isa = PBXHeadersBuildPhase;
			buildActionMask = 2147483647;
			files = (
				4D2055F02038977000AE832F /* PIOObjectProtocol.h in Headers */,
				4D2055972038662700AE832F /* PIOEvent.h in Headers */,
				4D2055A02038669400AE832F /* PIOEventType.h in Headers */,
				4DAEEB7B2040E00300F62548 /* PIOShareRecipient.h in Headers */,
				4D20561A203CA18B00AE832F /* PIOAPI+Files.h in Headers */,
				4D205609203C94CF00AE832F /* PIOAuthenticatorDelegate.h in Headers */,
				4D2055C92038842E00AE832F /* PIOAccount.h in Headers */,
				4DAEEB9820421C1E00F62548 /* PIOErrorOnlyCallback.h in Headers */,
				4D20557B2038610D00AE832F /* PutKit.h in Headers */,
				4D2055D32038843A00AE832F /* PIOAccountSettings.h in Headers */,
				4DAEEBA7204232E600F62548 /* PIOAPI.h in Headers */,
				4D2055E72038949000AE832F /* PIOMP4Status.h in Headers */,
				4D2055BF203883BE00AE832F /* PIOFriend.h in Headers */,
				4D205623203CA44800AE832F /* PIOError.h in Headers */,
				4DAEEB67203F45E800F62548 /* PIOMP4Conversion.h in Headers */,
				4D20558D2038657400AE832F /* PIOSubtitle.h in Headers */,
				4DAEEB8F204215D700F62548 /* PIOAPI+Transfers.h in Headers */,
				4D2055AB2038698700AE832F /* PIOTransfer.h in Headers */,
				4DAEEB8520418E3B00F62548 /* PIOSubtitleFormat.h in Headers */,
				4D2055FA203B3FA600AE832F /* PIOAuth.h in Headers */,
				4DAEEBB22042373E00F62548 /* PIOAPI+Friends.h in Headers */,
				4D205615203C967D00AE832F /* AFOAuthCredential.h in Headers */,
				4D205604203C8E3600AE832F /* PIOEndpoints.h in Headers */,
				4DAEEB712040778100F62548 /* PIOShare.h in Headers */,
				4D205583203862BC00AE832F /* PIOFile.h in Headers */,
				4DAEEBBC20423DA300F62548 /* PIOAPI+Account.h in Headers */,
				4D2055B4203869C600AE832F /* PIOTransferStatus.h in Headers */,
			);
			runOnlyForDeploymentPostprocessing = 0;
		};
		4D20556220385F7900AE832F /* Headers */ = {
			isa = PBXHeadersBuildPhase;
			buildActionMask = 2147483647;
			files = (
				4D2055F12038977000AE832F /* PIOObjectProtocol.h in Headers */,
				4D2055982038662700AE832F /* PIOEvent.h in Headers */,
				4D2055A12038669400AE832F /* PIOEventType.h in Headers */,
				4DAEEB7C2040E00300F62548 /* PIOShareRecipient.h in Headers */,
				4D20561B203CA18B00AE832F /* PIOAPI+Files.h in Headers */,
				4D20560A203C94CF00AE832F /* PIOAuthenticatorDelegate.h in Headers */,
				4D2055CA2038842E00AE832F /* PIOAccount.h in Headers */,
				4DAEEB9920421C1E00F62548 /* PIOErrorOnlyCallback.h in Headers */,
				4D20557C2038610E00AE832F /* PutKit.h in Headers */,
				4D2055D42038843A00AE832F /* PIOAccountSettings.h in Headers */,
				4DAEEBA8204232E600F62548 /* PIOAPI.h in Headers */,
				4D2055E82038949000AE832F /* PIOMP4Status.h in Headers */,
				4D2055C0203883BE00AE832F /* PIOFriend.h in Headers */,
				4D205624203CA44800AE832F /* PIOError.h in Headers */,
				4DAEEB68203F45E800F62548 /* PIOMP4Conversion.h in Headers */,
				4D20558E2038657400AE832F /* PIOSubtitle.h in Headers */,
				4DAEEB90204215D700F62548 /* PIOAPI+Transfers.h in Headers */,
				4D2055AC2038698700AE832F /* PIOTransfer.h in Headers */,
				4DAEEB8620418E3B00F62548 /* PIOSubtitleFormat.h in Headers */,
				4D2055FB203B3FA600AE832F /* PIOAuth.h in Headers */,
				4DAEEBB32042373E00F62548 /* PIOAPI+Friends.h in Headers */,
				4D205613203C967D00AE832F /* AFOAuthCredential.h in Headers */,
				4D205605203C8E3600AE832F /* PIOEndpoints.h in Headers */,
				4DAEEB722040778100F62548 /* PIOShare.h in Headers */,
				4D205584203862BC00AE832F /* PIOFile.h in Headers */,
				4DAEEBBD20423DA300F62548 /* PIOAPI+Account.h in Headers */,
				4D2055B5203869C600AE832F /* PIOTransferStatus.h in Headers */,
			);
			runOnlyForDeploymentPostprocessing = 0;
		};
		4D2055702038604400AE832F /* Headers */ = {
			isa = PBXHeadersBuildPhase;
			buildActionMask = 2147483647;
			files = (
				4D2055F22038977000AE832F /* PIOObjectProtocol.h in Headers */,
				4D2055992038662700AE832F /* PIOEvent.h in Headers */,
				4D2055A22038669400AE832F /* PIOEventType.h in Headers */,
				4DAEEB7D2040E00300F62548 /* PIOShareRecipient.h in Headers */,
				4D20561C203CA18B00AE832F /* PIOAPI+Files.h in Headers */,
				4D20560B203C94CF00AE832F /* PIOAuthenticatorDelegate.h in Headers */,
				4D2055CB2038842E00AE832F /* PIOAccount.h in Headers */,
				4DAEEB9A20421C1E00F62548 /* PIOErrorOnlyCallback.h in Headers */,
				4D20557D2038611100AE832F /* PutKit.h in Headers */,
				4D2055D52038843A00AE832F /* PIOAccountSettings.h in Headers */,
				4DAEEBA9204232E600F62548 /* PIOAPI.h in Headers */,
				4D2055E92038949000AE832F /* PIOMP4Status.h in Headers */,
				4D2055C1203883BE00AE832F /* PIOFriend.h in Headers */,
				4D205625203CA44800AE832F /* PIOError.h in Headers */,
				4DAEEB69203F45E800F62548 /* PIOMP4Conversion.h in Headers */,
				4D20558F2038657400AE832F /* PIOSubtitle.h in Headers */,
				4DAEEB91204215D700F62548 /* PIOAPI+Transfers.h in Headers */,
				4D2055AD2038698700AE832F /* PIOTransfer.h in Headers */,
				4DAEEB8720418E3B00F62548 /* PIOSubtitleFormat.h in Headers */,
				4D2055FC203B3FA600AE832F /* PIOAuth.h in Headers */,
				4DAEEBB42042373E00F62548 /* PIOAPI+Friends.h in Headers */,
				4D205611203C967C00AE832F /* AFOAuthCredential.h in Headers */,
				4D205606203C8E3600AE832F /* PIOEndpoints.h in Headers */,
				4DAEEB732040778100F62548 /* PIOShare.h in Headers */,
				4D205585203862BC00AE832F /* PIOFile.h in Headers */,
				4DAEEBBE20423DA300F62548 /* PIOAPI+Account.h in Headers */,
				4D2055B6203869C600AE832F /* PIOTransferStatus.h in Headers */,
			);
			runOnlyForDeploymentPostprocessing = 0;
		};
/* End PBXHeadersBuildPhase section */

/* Begin PBXNativeTarget section */
		4D20554720385E9A00AE832F /* PutKit iOS */ = {
			isa = PBXNativeTarget;
			buildConfigurationList = 4D20555020385E9A00AE832F /* Build configuration list for PBXNativeTarget "PutKit iOS" */;
			buildPhases = (
				4D20554320385E9A00AE832F /* Sources */,
				4D20554420385E9A00AE832F /* Frameworks */,
				4D20554520385E9A00AE832F /* Headers */,
				4D20554620385E9A00AE832F /* Resources */,
			);
			buildRules = (
			);
			dependencies = (
			);
			name = "PutKit iOS";
			productName = PutIOKit;
			productReference = 4D20554820385E9A00AE832F /* PutKit.framework */;
			productType = "com.apple.product-type.framework";
		};
		4D20555720385ED200AE832F /* PutKit tvOS */ = {
			isa = PBXNativeTarget;
			buildConfigurationList = 4D20555D20385ED200AE832F /* Build configuration list for PBXNativeTarget "PutKit tvOS" */;
			buildPhases = (
				4D20555320385ED200AE832F /* Sources */,
				4D20555420385ED200AE832F /* Frameworks */,
				4D20555520385ED200AE832F /* Headers */,
				4D20555620385ED200AE832F /* Resources */,
			);
			buildRules = (
			);
			dependencies = (
			);
			name = "PutKit tvOS";
			productName = "PutIOKit tvOS";
			productReference = 4D20555820385ED200AE832F /* PutKit.framework */;
			productType = "com.apple.product-type.framework";
		};
		4D20556420385F7900AE832F /* PutKit macOS */ = {
			isa = PBXNativeTarget;
			buildConfigurationList = 4D20556A20385F7A00AE832F /* Build configuration list for PBXNativeTarget "PutKit macOS" */;
			buildPhases = (
				4D20556020385F7900AE832F /* Sources */,
				4D20556120385F7900AE832F /* Frameworks */,
				4D20556220385F7900AE832F /* Headers */,
				4D20556320385F7900AE832F /* Resources */,
			);
			buildRules = (
			);
			dependencies = (
			);
			name = "PutKit macOS";
			productName = "PutIOKit macOS";
			productReference = 4D20556520385F7900AE832F /* PutKit.framework */;
			productType = "com.apple.product-type.framework";
		};
		4D2055722038604400AE832F /* PutKit watchOS */ = {
			isa = PBXNativeTarget;
			buildConfigurationList = 4D2055782038604400AE832F /* Build configuration list for PBXNativeTarget "PutKit watchOS" */;
			buildPhases = (
				4D20556E2038604400AE832F /* Sources */,
				4D20556F2038604400AE832F /* Frameworks */,
				4D2055702038604400AE832F /* Headers */,
				4D2055712038604400AE832F /* Resources */,
			);
			buildRules = (
			);
			dependencies = (
			);
			name = "PutKit watchOS";
			productName = "PutIOKit watchOS";
			productReference = 4D2055732038604400AE832F /* PutKit.framework */;
			productType = "com.apple.product-type.framework";
		};
		4DAEECC920431C6A00F62548 /* PutKit iOS Tests */ = {
			isa = PBXNativeTarget;
			buildConfigurationList = 4DAEECD420431C6A00F62548 /* Build configuration list for PBXNativeTarget "PutKit iOS Tests" */;
			buildPhases = (
				4DAEECC620431C6A00F62548 /* Sources */,
				4DAEECC720431C6A00F62548 /* Frameworks */,
				4DAEECC820431C6A00F62548 /* Resources */,
			);
			buildRules = (
			);
			dependencies = (
				4DAEECD120431C6A00F62548 /* PBXTargetDependency */,
			);
			name = "PutKit iOS Tests";
			productName = "PutKit iOS Tests";
			productReference = 4DAEECCA20431C6A00F62548 /* PutKit iOS Tests.xctest */;
			productType = "com.apple.product-type.bundle.unit-test";
		};
		4DAEECD820431CA300F62548 /* PutKit tvOS Tests */ = {
			isa = PBXNativeTarget;
			buildConfigurationList = 4DAEECE120431CA300F62548 /* Build configuration list for PBXNativeTarget "PutKit tvOS Tests" */;
			buildPhases = (
				4DAEECD520431CA300F62548 /* Sources */,
				4DAEECD620431CA300F62548 /* Frameworks */,
				4DAEECD720431CA300F62548 /* Resources */,
			);
			buildRules = (
			);
			dependencies = (
				4DAEECE020431CA300F62548 /* PBXTargetDependency */,
			);
			name = "PutKit tvOS Tests";
			productName = "PutKit tvOS Tests";
			productReference = 4DAEECD920431CA300F62548 /* PutKit tvOS Tests.xctest */;
			productType = "com.apple.product-type.bundle.unit-test";
		};
		4DAEECE820431CC500F62548 /* PutKit macOS Tests */ = {
			isa = PBXNativeTarget;
			buildConfigurationList = 4DAEECF120431CC500F62548 /* Build configuration list for PBXNativeTarget "PutKit macOS Tests" */;
			buildPhases = (
				4DAEECE520431CC500F62548 /* Sources */,
				4DAEECE620431CC500F62548 /* Frameworks */,
				4DAEECE720431CC500F62548 /* Resources */,
			);
			buildRules = (
			);
			dependencies = (
				4DAEECF020431CC500F62548 /* PBXTargetDependency */,
			);
			name = "PutKit macOS Tests";
			productName = "PutKit macOS Tests";
			productReference = 4DAEECE920431CC500F62548 /* PutKit macOS Tests.xctest */;
			productType = "com.apple.product-type.bundle.unit-test";
		};
/* End PBXNativeTarget section */

/* Begin PBXProject section */
		4D20553F20385E9A00AE832F /* Project object */ = {
			isa = PBXProject;
			attributes = {
				CLASSPREFIX = PIO;
				LastUpgradeCheck = 0920;
				ORGANIZATIONNAME = "Mark Bourke";
				TargetAttributes = {
					4D20554720385E9A00AE832F = {
						CreatedOnToolsVersion = 9.2;
						ProvisioningStyle = Automatic;
					};
					4D20555720385ED200AE832F = {
						CreatedOnToolsVersion = 9.2;
						ProvisioningStyle = Automatic;
					};
					4D20556420385F7900AE832F = {
						CreatedOnToolsVersion = 9.2;
						ProvisioningStyle = Automatic;
					};
					4D2055722038604400AE832F = {
						CreatedOnToolsVersion = 9.2;
						ProvisioningStyle = Automatic;
					};
					4DAEECC920431C6A00F62548 = {
						CreatedOnToolsVersion = 9.2;
						ProvisioningStyle = Automatic;
					};
					4DAEECD820431CA300F62548 = {
						CreatedOnToolsVersion = 9.2;
						ProvisioningStyle = Automatic;
					};
					4DAEECE820431CC500F62548 = {
						CreatedOnToolsVersion = 9.2;
						ProvisioningStyle = Automatic;
					};
				};
			};
			buildConfigurationList = 4D20554220385E9A00AE832F /* Build configuration list for PBXProject "PutKit" */;
			compatibilityVersion = "Xcode 8.0";
			developmentRegion = en;
			hasScannedForEncodings = 0;
			knownRegions = (
				en,
			);
			mainGroup = 4D20553E20385E9A00AE832F;
			productRefGroup = 4D20554920385E9A00AE832F /* Products */;
			projectDirPath = "";
			projectRoot = "";
			targets = (
				4D20554720385E9A00AE832F /* PutKit iOS */,
				4D20555720385ED200AE832F /* PutKit tvOS */,
				4D20556420385F7900AE832F /* PutKit macOS */,
				4D2055722038604400AE832F /* PutKit watchOS */,
				4DAEECC920431C6A00F62548 /* PutKit iOS Tests */,
				4DAEECD820431CA300F62548 /* PutKit tvOS Tests */,
				4DAEECE820431CC500F62548 /* PutKit macOS Tests */,
			);
		};
/* End PBXProject section */

/* Begin PBXResourcesBuildPhase section */
		4D20554620385E9A00AE832F /* Resources */ = {
			isa = PBXResourcesBuildPhase;
			buildActionMask = 2147483647;
			files = (
			);
			runOnlyForDeploymentPostprocessing = 0;
		};
		4D20555620385ED200AE832F /* Resources */ = {
			isa = PBXResourcesBuildPhase;
			buildActionMask = 2147483647;
			files = (
			);
			runOnlyForDeploymentPostprocessing = 0;
		};
		4D20556320385F7900AE832F /* Resources */ = {
			isa = PBXResourcesBuildPhase;
			buildActionMask = 2147483647;
			files = (
			);
			runOnlyForDeploymentPostprocessing = 0;
		};
		4D2055712038604400AE832F /* Resources */ = {
			isa = PBXResourcesBuildPhase;
			buildActionMask = 2147483647;
			files = (
			);
			runOnlyForDeploymentPostprocessing = 0;
		};
		4DAEECC820431C6A00F62548 /* Resources */ = {
			isa = PBXResourcesBuildPhase;
			buildActionMask = 2147483647;
			files = (
			);
			runOnlyForDeploymentPostprocessing = 0;
		};
		4DAEECD720431CA300F62548 /* Resources */ = {
			isa = PBXResourcesBuildPhase;
			buildActionMask = 2147483647;
			files = (
			);
			runOnlyForDeploymentPostprocessing = 0;
		};
		4DAEECE720431CC500F62548 /* Resources */ = {
			isa = PBXResourcesBuildPhase;
			buildActionMask = 2147483647;
			files = (
			);
			runOnlyForDeploymentPostprocessing = 0;
		};
/* End PBXResourcesBuildPhase section */

/* Begin PBXSourcesBuildPhase section */
		4D20554320385E9A00AE832F /* Sources */ = {
			isa = PBXSourcesBuildPhase;
			buildActionMask = 2147483647;
			files = (
				4D2055C2203883BE00AE832F /* PIOFriend.m in Sources */,
				4D2055902038657400AE832F /* PIOSubtitle.m in Sources */,
				4DAEEB92204215D700F62548 /* PIOAPI+Transfers.m in Sources */,
				4D2055B820386BA400AE832F /* PIOTransferStatus.m in Sources */,
				4DAEEB8820418E3B00F62548 /* PIOSubtitleFormat.m in Sources */,
				4DAEEBAB204235E200F62548 /* PIOAPI.m in Sources */,
				4D20559A2038662700AE832F /* PIOEvent.m in Sources */,
				4DAEEB7E2040E00300F62548 /* PIOShareRecipient.m in Sources */,
				4D2055D62038843A00AE832F /* PIOAccountSettings.m in Sources */,
				4DAEEB742040778100F62548 /* PIOShare.m in Sources */,
				4D20560F203C964E00AE832F /* AFOAuthCredential.m in Sources */,
				4D2055FD203B3FA600AE832F /* PIOAuth.m in Sources */,
				4D20562D203CEB6800AE832F /* PIOEndpoints.m in Sources */,
				4DAEEB6A203F45E800F62548 /* PIOMP4Conversion.m in Sources */,
				4D205586203862BC00AE832F /* PIOFile.m in Sources */,
				4DAEEBB52042373E00F62548 /* PIOAPI+Friends.m in Sources */,
				4DAEEBBF20423DA300F62548 /* PIOAPI+Account.m in Sources */,
				4D2055AE2038698700AE832F /* PIOTransfer.m in Sources */,
				4D20561D203CA18B00AE832F /* PIOAPI+Files.m in Sources */,
				4D2055CC2038842E00AE832F /* PIOAccount.m in Sources */,
				4D205627203CA48300AE832F /* PIOError.m in Sources */,
				4D2055EA2038949000AE832F /* PIOMP4Status.m in Sources */,
				4D2055A4203866DF00AE832F /* PIOEventType.m in Sources */,
			);
			runOnlyForDeploymentPostprocessing = 0;
		};
		4D20555320385ED200AE832F /* Sources */ = {
			isa = PBXSourcesBuildPhase;
			buildActionMask = 2147483647;
			files = (
				4D2055C3203883BE00AE832F /* PIOFriend.m in Sources */,
				4D2055912038657400AE832F /* PIOSubtitle.m in Sources */,
				4DAEEB93204215D700F62548 /* PIOAPI+Transfers.m in Sources */,
				4D2055B920386BA400AE832F /* PIOTransferStatus.m in Sources */,
				4DAEEB8920418E3B00F62548 /* PIOSubtitleFormat.m in Sources */,
				4DAEEBAC204235E200F62548 /* PIOAPI.m in Sources */,
				4D20559B2038662700AE832F /* PIOEvent.m in Sources */,
				4DAEEB7F2040E00300F62548 /* PIOShareRecipient.m in Sources */,
				4D2055D72038843A00AE832F /* PIOAccountSettings.m in Sources */,
				4DAEEB752040778100F62548 /* PIOShare.m in Sources */,
				4D205616203C967D00AE832F /* AFOAuthCredential.m in Sources */,
				4D2055FE203B3FA600AE832F /* PIOAuth.m in Sources */,
				4D20562E203CEB6800AE832F /* PIOEndpoints.m in Sources */,
				4DAEEB6B203F45E800F62548 /* PIOMP4Conversion.m in Sources */,
				4D205587203862BC00AE832F /* PIOFile.m in Sources */,
				4DAEEBB62042373E00F62548 /* PIOAPI+Friends.m in Sources */,
				4DAEEBC020423DA300F62548 /* PIOAPI+Account.m in Sources */,
				4D2055AF2038698700AE832F /* PIOTransfer.m in Sources */,
				4D20561E203CA18B00AE832F /* PIOAPI+Files.m in Sources */,
				4D2055CD2038842E00AE832F /* PIOAccount.m in Sources */,
				4D205628203CA48300AE832F /* PIOError.m in Sources */,
				4D2055EB2038949000AE832F /* PIOMP4Status.m in Sources */,
				4D2055A5203866DF00AE832F /* PIOEventType.m in Sources */,
			);
			runOnlyForDeploymentPostprocessing = 0;
		};
		4D20556020385F7900AE832F /* Sources */ = {
			isa = PBXSourcesBuildPhase;
			buildActionMask = 2147483647;
			files = (
				4D2055C4203883BE00AE832F /* PIOFriend.m in Sources */,
				4D2055922038657400AE832F /* PIOSubtitle.m in Sources */,
				4DAEEB94204215D700F62548 /* PIOAPI+Transfers.m in Sources */,
				4D2055BA20386BA400AE832F /* PIOTransferStatus.m in Sources */,
				4DAEEB8A20418E3B00F62548 /* PIOSubtitleFormat.m in Sources */,
				4DAEEBAD204235E200F62548 /* PIOAPI.m in Sources */,
				4D20559C2038662700AE832F /* PIOEvent.m in Sources */,
				4DAEEB802040E00300F62548 /* PIOShareRecipient.m in Sources */,
				4D2055D82038843A00AE832F /* PIOAccountSettings.m in Sources */,
				4DAEEB762040778100F62548 /* PIOShare.m in Sources */,
				4D205614203C967D00AE832F /* AFOAuthCredential.m in Sources */,
				4D2055FF203B3FA600AE832F /* PIOAuth.m in Sources */,
				4D20562F203CEB6800AE832F /* PIOEndpoints.m in Sources */,
				4DAEEB6C203F45E800F62548 /* PIOMP4Conversion.m in Sources */,
				4D205588203862BC00AE832F /* PIOFile.m in Sources */,
				4DAEEBB72042373E00F62548 /* PIOAPI+Friends.m in Sources */,
				4DAEEBC120423DA300F62548 /* PIOAPI+Account.m in Sources */,
				4D2055B02038698700AE832F /* PIOTransfer.m in Sources */,
				4D20561F203CA18B00AE832F /* PIOAPI+Files.m in Sources */,
				4D2055CE2038842E00AE832F /* PIOAccount.m in Sources */,
				4D205629203CA48300AE832F /* PIOError.m in Sources */,
				4D2055EC2038949000AE832F /* PIOMP4Status.m in Sources */,
				4D2055A6203866DF00AE832F /* PIOEventType.m in Sources */,
			);
			runOnlyForDeploymentPostprocessing = 0;
		};
		4D20556E2038604400AE832F /* Sources */ = {
			isa = PBXSourcesBuildPhase;
			buildActionMask = 2147483647;
			files = (
				4D2055C5203883BE00AE832F /* PIOFriend.m in Sources */,
				4D2055932038657400AE832F /* PIOSubtitle.m in Sources */,
				4DAEEB95204215D700F62548 /* PIOAPI+Transfers.m in Sources */,
				4D2055BB20386BA400AE832F /* PIOTransferStatus.m in Sources */,
				4DAEEB8B20418E3B00F62548 /* PIOSubtitleFormat.m in Sources */,
				4DAEEBAE204235E200F62548 /* PIOAPI.m in Sources */,
				4D20559D2038662700AE832F /* PIOEvent.m in Sources */,
				4DAEEB812040E00300F62548 /* PIOShareRecipient.m in Sources */,
				4D2055D92038843A00AE832F /* PIOAccountSettings.m in Sources */,
				4DAEEB772040778100F62548 /* PIOShare.m in Sources */,
				4D205612203C967C00AE832F /* AFOAuthCredential.m in Sources */,
				4D205600203B3FA600AE832F /* PIOAuth.m in Sources */,
				4D205630203CEB6800AE832F /* PIOEndpoints.m in Sources */,
				4DAEEB6D203F45E800F62548 /* PIOMP4Conversion.m in Sources */,
				4D205589203862BC00AE832F /* PIOFile.m in Sources */,
				4DAEEBB82042373E00F62548 /* PIOAPI+Friends.m in Sources */,
				4DAEEBC220423DA300F62548 /* PIOAPI+Account.m in Sources */,
				4D2055B12038698700AE832F /* PIOTransfer.m in Sources */,
				4D205620203CA18B00AE832F /* PIOAPI+Files.m in Sources */,
				4D2055CF2038842E00AE832F /* PIOAccount.m in Sources */,
				4D20562A203CA48300AE832F /* PIOError.m in Sources */,
				4D2055ED2038949000AE832F /* PIOMP4Status.m in Sources */,
				4D2055A7203866DF00AE832F /* PIOEventType.m in Sources */,
			);
			runOnlyForDeploymentPostprocessing = 0;
		};
		4DAEECC620431C6A00F62548 /* Sources */ = {
			isa = PBXSourcesBuildPhase;
			buildActionMask = 2147483647;
			files = (
				4DAEECCD20431C6A00F62548 /* PutKitTests.m in Sources */,
			);
			runOnlyForDeploymentPostprocessing = 0;
		};
		4DAEECD520431CA300F62548 /* Sources */ = {
			isa = PBXSourcesBuildPhase;
			buildActionMask = 2147483647;
			files = (
				4DAEECE420431CB500F62548 /* PutKitTests.m in Sources */,
			);
			runOnlyForDeploymentPostprocessing = 0;
		};
		4DAEECE520431CC500F62548 /* Sources */ = {
			isa = PBXSourcesBuildPhase;
			buildActionMask = 2147483647;
			files = (
				4DAEECF420431CD600F62548 /* PutKitTests.m in Sources */,
			);
			runOnlyForDeploymentPostprocessing = 0;
		};
/* End PBXSourcesBuildPhase section */

/* Begin PBXTargetDependency section */
		4DAEECD120431C6A00F62548 /* PBXTargetDependency */ = {
			isa = PBXTargetDependency;
			target = 4D20554720385E9A00AE832F /* PutKit iOS */;
			targetProxy = 4DAEECD020431C6A00F62548 /* PBXContainerItemProxy */;
		};
		4DAEECE020431CA300F62548 /* PBXTargetDependency */ = {
			isa = PBXTargetDependency;
			target = 4D20555720385ED200AE832F /* PutKit tvOS */;
			targetProxy = 4DAEECDF20431CA300F62548 /* PBXContainerItemProxy */;
		};
		4DAEECF020431CC500F62548 /* PBXTargetDependency */ = {
			isa = PBXTargetDependency;
			target = 4D20556420385F7900AE832F /* PutKit macOS */;
			targetProxy = 4DAEECEF20431CC500F62548 /* PBXContainerItemProxy */;
		};
/* End PBXTargetDependency section */

/* Begin XCBuildConfiguration section */
		4D20554E20385E9A00AE832F /* Debug */ = {
			isa = XCBuildConfiguration;
			buildSettings = {
				ALWAYS_SEARCH_USER_PATHS = NO;
				CLANG_ANALYZER_NONNULL = YES;
				CLANG_ANALYZER_NUMBER_OBJECT_CONVERSION = YES_AGGRESSIVE;
				CLANG_CXX_LANGUAGE_STANDARD = "gnu++14";
				CLANG_CXX_LIBRARY = "libc++";
				CLANG_ENABLE_MODULES = YES;
				CLANG_ENABLE_OBJC_ARC = YES;
				CLANG_WARN_BLOCK_CAPTURE_AUTORELEASING = YES;
				CLANG_WARN_BOOL_CONVERSION = YES;
				CLANG_WARN_COMMA = YES;
				CLANG_WARN_CONSTANT_CONVERSION = YES;
				CLANG_WARN_DIRECT_OBJC_ISA_USAGE = YES_ERROR;
				CLANG_WARN_DOCUMENTATION_COMMENTS = YES;
				CLANG_WARN_EMPTY_BODY = YES;
				CLANG_WARN_ENUM_CONVERSION = YES;
				CLANG_WARN_INFINITE_RECURSION = YES;
				CLANG_WARN_INT_CONVERSION = YES;
				CLANG_WARN_NON_LITERAL_NULL_CONVERSION = YES;
				CLANG_WARN_OBJC_LITERAL_CONVERSION = YES;
				CLANG_WARN_OBJC_ROOT_CLASS = YES_ERROR;
				CLANG_WARN_RANGE_LOOP_ANALYSIS = YES;
				CLANG_WARN_STRICT_PROTOTYPES = YES;
				CLANG_WARN_SUSPICIOUS_MOVE = YES;
				CLANG_WARN_UNGUARDED_AVAILABILITY = YES_AGGRESSIVE;
				CLANG_WARN_UNREACHABLE_CODE = YES;
				CLANG_WARN__DUPLICATE_METHOD_MATCH = YES;
				CODE_SIGN_IDENTITY = "iPhone Developer";
				COPY_PHASE_STRIP = NO;
				CURRENT_PROJECT_VERSION = 1;
				DEBUG_INFORMATION_FORMAT = dwarf;
				ENABLE_STRICT_OBJC_MSGSEND = YES;
				ENABLE_TESTABILITY = YES;
				GCC_C_LANGUAGE_STANDARD = gnu11;
				GCC_DYNAMIC_NO_PIC = NO;
				GCC_NO_COMMON_BLOCKS = YES;
				GCC_OPTIMIZATION_LEVEL = 0;
				GCC_PREPROCESSOR_DEFINITIONS = (
					"DEBUG=1",
					"$(inherited)",
				);
				GCC_WARN_64_TO_32_BIT_CONVERSION = YES;
				GCC_WARN_ABOUT_RETURN_TYPE = YES_ERROR;
				GCC_WARN_UNDECLARED_SELECTOR = YES;
				GCC_WARN_UNINITIALIZED_AUTOS = YES_AGGRESSIVE;
				GCC_WARN_UNUSED_FUNCTION = YES;
				GCC_WARN_UNUSED_VARIABLE = YES;
				INFOPLIST_FILE = Framework/Info.plist;
				IPHONEOS_DEPLOYMENT_TARGET = 8.0;
				MACOSX_DEPLOYMENT_TARGET = 10.10;
				MTL_ENABLE_DEBUG_INFO = YES;
				ONLY_ACTIVE_ARCH = YES;
				PRODUCT_BUNDLE_IDENTIFIER = io.put.kit;
				PRODUCT_NAME = PutIOKit;
				SDKROOT = iphoneos;
				VERSIONING_SYSTEM = "apple-generic";
				VERSION_INFO_PREFIX = "";
			};
			name = Debug;
		};
		4D20554F20385E9A00AE832F /* Release */ = {
			isa = XCBuildConfiguration;
			buildSettings = {
				ALWAYS_SEARCH_USER_PATHS = NO;
				CLANG_ANALYZER_NONNULL = YES;
				CLANG_ANALYZER_NUMBER_OBJECT_CONVERSION = YES_AGGRESSIVE;
				CLANG_CXX_LANGUAGE_STANDARD = "gnu++14";
				CLANG_CXX_LIBRARY = "libc++";
				CLANG_ENABLE_MODULES = YES;
				CLANG_ENABLE_OBJC_ARC = YES;
				CLANG_WARN_BLOCK_CAPTURE_AUTORELEASING = YES;
				CLANG_WARN_BOOL_CONVERSION = YES;
				CLANG_WARN_COMMA = YES;
				CLANG_WARN_CONSTANT_CONVERSION = YES;
				CLANG_WARN_DIRECT_OBJC_ISA_USAGE = YES_ERROR;
				CLANG_WARN_DOCUMENTATION_COMMENTS = YES;
				CLANG_WARN_EMPTY_BODY = YES;
				CLANG_WARN_ENUM_CONVERSION = YES;
				CLANG_WARN_INFINITE_RECURSION = YES;
				CLANG_WARN_INT_CONVERSION = YES;
				CLANG_WARN_NON_LITERAL_NULL_CONVERSION = YES;
				CLANG_WARN_OBJC_LITERAL_CONVERSION = YES;
				CLANG_WARN_OBJC_ROOT_CLASS = YES_ERROR;
				CLANG_WARN_RANGE_LOOP_ANALYSIS = YES;
				CLANG_WARN_STRICT_PROTOTYPES = YES;
				CLANG_WARN_SUSPICIOUS_MOVE = YES;
				CLANG_WARN_UNGUARDED_AVAILABILITY = YES_AGGRESSIVE;
				CLANG_WARN_UNREACHABLE_CODE = YES;
				CLANG_WARN__DUPLICATE_METHOD_MATCH = YES;
				CODE_SIGN_IDENTITY = "iPhone Developer";
				COPY_PHASE_STRIP = NO;
				CURRENT_PROJECT_VERSION = 1;
				DEBUG_INFORMATION_FORMAT = "dwarf-with-dsym";
				ENABLE_STRICT_OBJC_MSGSEND = YES;
				GCC_C_LANGUAGE_STANDARD = gnu11;
				GCC_NO_COMMON_BLOCKS = YES;
				GCC_WARN_64_TO_32_BIT_CONVERSION = YES;
				GCC_WARN_ABOUT_RETURN_TYPE = YES_ERROR;
				GCC_WARN_UNDECLARED_SELECTOR = YES;
				GCC_WARN_UNINITIALIZED_AUTOS = YES_AGGRESSIVE;
				GCC_WARN_UNUSED_FUNCTION = YES;
				GCC_WARN_UNUSED_VARIABLE = YES;
				INFOPLIST_FILE = Framework/Info.plist;
				IPHONEOS_DEPLOYMENT_TARGET = 8.0;
				MACOSX_DEPLOYMENT_TARGET = 10.10;
				MTL_ENABLE_DEBUG_INFO = NO;
				PRODUCT_BUNDLE_IDENTIFIER = io.put.kit;
				PRODUCT_NAME = PutIOKit;
				SDKROOT = iphoneos;
				VALIDATE_PRODUCT = YES;
				VERSIONING_SYSTEM = "apple-generic";
				VERSION_INFO_PREFIX = "";
			};
			name = Release;
		};
		4D20555120385E9A00AE832F /* Debug */ = {
			isa = XCBuildConfiguration;
			buildSettings = {
				CODE_SIGN_IDENTITY = "";
				CODE_SIGN_STYLE = Automatic;
				DEFINES_MODULE = YES;
				DEVELOPMENT_TEAM = BQBJ6NTPEG;
				DYLIB_COMPATIBILITY_VERSION = 1;
				DYLIB_CURRENT_VERSION = 1;
				DYLIB_INSTALL_NAME_BASE = "@rpath";
				INSTALL_PATH = "$(LOCAL_LIBRARY_DIR)/Frameworks";
				IPHONEOS_DEPLOYMENT_TARGET = 8.0;
				LD_RUNPATH_SEARCH_PATHS = "$(inherited) @executable_path/Frameworks @loader_path/Frameworks";
				PRODUCT_NAME = PutKit;
				SKIP_INSTALL = YES;
				TARGETED_DEVICE_FAMILY = "1,2";
			};
			name = Debug;
		};
		4D20555220385E9A00AE832F /* Release */ = {
			isa = XCBuildConfiguration;
			buildSettings = {
				CODE_SIGN_IDENTITY = "";
				CODE_SIGN_STYLE = Automatic;
				DEFINES_MODULE = YES;
				DEVELOPMENT_TEAM = BQBJ6NTPEG;
				DYLIB_COMPATIBILITY_VERSION = 1;
				DYLIB_CURRENT_VERSION = 1;
				DYLIB_INSTALL_NAME_BASE = "@rpath";
				INSTALL_PATH = "$(LOCAL_LIBRARY_DIR)/Frameworks";
				IPHONEOS_DEPLOYMENT_TARGET = 8.0;
				LD_RUNPATH_SEARCH_PATHS = "$(inherited) @executable_path/Frameworks @loader_path/Frameworks";
				PRODUCT_NAME = PutKit;
				SKIP_INSTALL = YES;
				TARGETED_DEVICE_FAMILY = "1,2";
			};
			name = Release;
		};
		4D20555E20385ED200AE832F /* Debug */ = {
			isa = XCBuildConfiguration;
			buildSettings = {
				CODE_SIGN_IDENTITY = "";
				CODE_SIGN_STYLE = Automatic;
				DEFINES_MODULE = YES;
				DEVELOPMENT_TEAM = BQBJ6NTPEG;
				DYLIB_COMPATIBILITY_VERSION = 1;
				DYLIB_CURRENT_VERSION = 1;
				DYLIB_INSTALL_NAME_BASE = "@rpath";
				INSTALL_PATH = "$(LOCAL_LIBRARY_DIR)/Frameworks";
				LD_RUNPATH_SEARCH_PATHS = "$(inherited) @executable_path/Frameworks @loader_path/Frameworks";
				PRODUCT_NAME = PutKit;
				SDKROOT = appletvos;
				SKIP_INSTALL = YES;
				TARGETED_DEVICE_FAMILY = 3;
				TVOS_DEPLOYMENT_TARGET = 9.0;
			};
			name = Debug;
		};
		4D20555F20385ED200AE832F /* Release */ = {
			isa = XCBuildConfiguration;
			buildSettings = {
				CODE_SIGN_IDENTITY = "";
				CODE_SIGN_STYLE = Automatic;
				DEFINES_MODULE = YES;
				DEVELOPMENT_TEAM = BQBJ6NTPEG;
				DYLIB_COMPATIBILITY_VERSION = 1;
				DYLIB_CURRENT_VERSION = 1;
				DYLIB_INSTALL_NAME_BASE = "@rpath";
				INSTALL_PATH = "$(LOCAL_LIBRARY_DIR)/Frameworks";
				LD_RUNPATH_SEARCH_PATHS = "$(inherited) @executable_path/Frameworks @loader_path/Frameworks";
				PRODUCT_NAME = PutKit;
				SDKROOT = appletvos;
				SKIP_INSTALL = YES;
				TARGETED_DEVICE_FAMILY = 3;
				TVOS_DEPLOYMENT_TARGET = 9.0;
			};
			name = Release;
		};
		4D20556B20385F7A00AE832F /* Debug */ = {
			isa = XCBuildConfiguration;
			buildSettings = {
				CODE_SIGN_IDENTITY = "Mac Developer";
				CODE_SIGN_STYLE = Automatic;
				COMBINE_HIDPI_IMAGES = YES;
				DEFINES_MODULE = YES;
				DEVELOPMENT_TEAM = BQBJ6NTPEG;
				DYLIB_COMPATIBILITY_VERSION = 1;
				DYLIB_CURRENT_VERSION = 1;
				DYLIB_INSTALL_NAME_BASE = "@rpath";
				FRAMEWORK_VERSION = A;
				INSTALL_PATH = "$(LOCAL_LIBRARY_DIR)/Frameworks";
				LD_RUNPATH_SEARCH_PATHS = "$(inherited) @executable_path/../Frameworks @loader_path/Frameworks";
				MACOSX_DEPLOYMENT_TARGET = 10.10;
				PRODUCT_NAME = PutKit;
				SDKROOT = macosx;
				SKIP_INSTALL = YES;
			};
			name = Debug;
		};
		4D20556C20385F7A00AE832F /* Release */ = {
			isa = XCBuildConfiguration;
			buildSettings = {
				CODE_SIGN_IDENTITY = "Mac Developer";
				CODE_SIGN_STYLE = Automatic;
				COMBINE_HIDPI_IMAGES = YES;
				DEFINES_MODULE = YES;
				DEVELOPMENT_TEAM = BQBJ6NTPEG;
				DYLIB_COMPATIBILITY_VERSION = 1;
				DYLIB_CURRENT_VERSION = 1;
				DYLIB_INSTALL_NAME_BASE = "@rpath";
				FRAMEWORK_VERSION = A;
				INSTALL_PATH = "$(LOCAL_LIBRARY_DIR)/Frameworks";
				LD_RUNPATH_SEARCH_PATHS = "$(inherited) @executable_path/../Frameworks @loader_path/Frameworks";
				MACOSX_DEPLOYMENT_TARGET = 10.10;
				PRODUCT_NAME = PutKit;
				SDKROOT = macosx;
				SKIP_INSTALL = YES;
			};
			name = Release;
		};
		4D2055792038604400AE832F /* Debug */ = {
			isa = XCBuildConfiguration;
			buildSettings = {
				APPLICATION_EXTENSION_API_ONLY = YES;
				CODE_SIGN_IDENTITY = "";
				CODE_SIGN_STYLE = Automatic;
				DEFINES_MODULE = YES;
				DEVELOPMENT_TEAM = BQBJ6NTPEG;
				DYLIB_COMPATIBILITY_VERSION = 1;
				DYLIB_CURRENT_VERSION = 1;
				DYLIB_INSTALL_NAME_BASE = "@rpath";
				INSTALL_PATH = "$(LOCAL_LIBRARY_DIR)/Frameworks";
				LD_RUNPATH_SEARCH_PATHS = "$(inherited) @executable_path/Frameworks @loader_path/Frameworks";
				PRODUCT_NAME = PutKit;
				SDKROOT = watchos;
				SKIP_INSTALL = YES;
				TARGETED_DEVICE_FAMILY = 4;
				WATCHOS_DEPLOYMENT_TARGET = 2.0;
			};
			name = Debug;
		};
		4D20557A2038604400AE832F /* Release */ = {
			isa = XCBuildConfiguration;
			buildSettings = {
				APPLICATION_EXTENSION_API_ONLY = YES;
				CODE_SIGN_IDENTITY = "";
				CODE_SIGN_STYLE = Automatic;
				DEFINES_MODULE = YES;
				DEVELOPMENT_TEAM = BQBJ6NTPEG;
				DYLIB_COMPATIBILITY_VERSION = 1;
				DYLIB_CURRENT_VERSION = 1;
				DYLIB_INSTALL_NAME_BASE = "@rpath";
				INSTALL_PATH = "$(LOCAL_LIBRARY_DIR)/Frameworks";
				LD_RUNPATH_SEARCH_PATHS = "$(inherited) @executable_path/Frameworks @loader_path/Frameworks";
				PRODUCT_NAME = PutKit;
				SDKROOT = watchos;
				SKIP_INSTALL = YES;
				TARGETED_DEVICE_FAMILY = 4;
				WATCHOS_DEPLOYMENT_TARGET = 2.0;
			};
			name = Release;
		};
		4DAEECD220431C6A00F62548 /* Debug */ = {
			isa = XCBuildConfiguration;
			buildSettings = {
				CODE_SIGN_STYLE = Automatic;
				DEVELOPMENT_TEAM = BQBJ6NTPEG;
				INFOPLIST_FILE = PutKitTests/Info.plist;
				IPHONEOS_DEPLOYMENT_TARGET = 11.2;
				LD_RUNPATH_SEARCH_PATHS = "$(inherited) @executable_path/Frameworks @loader_path/Frameworks";
				PRODUCT_BUNDLE_IDENTIFIER = io.put.kit.tests;
				PRODUCT_NAME = "$(TARGET_NAME)";
				TARGETED_DEVICE_FAMILY = "1,2";
			};
			name = Debug;
		};
		4DAEECD320431C6A00F62548 /* Release */ = {
			isa = XCBuildConfiguration;
			buildSettings = {
				CODE_SIGN_STYLE = Automatic;
				DEVELOPMENT_TEAM = BQBJ6NTPEG;
				ENABLE_NS_ASSERTIONS = NO;
				INFOPLIST_FILE = PutKitTests/Info.plist;
				IPHONEOS_DEPLOYMENT_TARGET = 11.2;
				LD_RUNPATH_SEARCH_PATHS = "$(inherited) @executable_path/Frameworks @loader_path/Frameworks";
				PRODUCT_BUNDLE_IDENTIFIER = io.put.kit.tests;
				PRODUCT_NAME = "$(TARGET_NAME)";
				TARGETED_DEVICE_FAMILY = "1,2";
			};
			name = Release;
		};
		4DAEECE220431CA300F62548 /* Debug */ = {
			isa = XCBuildConfiguration;
			buildSettings = {
				CODE_SIGN_STYLE = Automatic;
				DEVELOPMENT_TEAM = BQBJ6NTPEG;
				INFOPLIST_FILE = PutKitTests/Info.plist;
				LD_RUNPATH_SEARCH_PATHS = "$(inherited) @executable_path/Frameworks @loader_path/Frameworks";
				PRODUCT_BUNDLE_IDENTIFIER = io.put.kit.tests;
				PRODUCT_NAME = "$(TARGET_NAME)";
				SDKROOT = appletvos;
				TARGETED_DEVICE_FAMILY = 3;
				TVOS_DEPLOYMENT_TARGET = 11.2;
			};
			name = Debug;
		};
		4DAEECE320431CA300F62548 /* Release */ = {
			isa = XCBuildConfiguration;
			buildSettings = {
				CODE_SIGN_STYLE = Automatic;
				DEVELOPMENT_TEAM = BQBJ6NTPEG;
				ENABLE_NS_ASSERTIONS = NO;
				INFOPLIST_FILE = PutKitTests/Info.plist;
				LD_RUNPATH_SEARCH_PATHS = "$(inherited) @executable_path/Frameworks @loader_path/Frameworks";
				PRODUCT_BUNDLE_IDENTIFIER = io.put.kit.tests;
				PRODUCT_NAME = "$(TARGET_NAME)";
				SDKROOT = appletvos;
				TARGETED_DEVICE_FAMILY = 3;
				TVOS_DEPLOYMENT_TARGET = 11.2;
			};
			name = Release;
		};
		4DAEECF220431CC500F62548 /* Debug */ = {
			isa = XCBuildConfiguration;
			buildSettings = {
				CODE_SIGN_IDENTITY = "Mac Developer";
				CODE_SIGN_STYLE = Automatic;
				COMBINE_HIDPI_IMAGES = YES;
				DEVELOPMENT_TEAM = BQBJ6NTPEG;
				INFOPLIST_FILE = PutKitTests/Info.plist;
				LD_RUNPATH_SEARCH_PATHS = "$(inherited) @executable_path/../Frameworks @loader_path/../Frameworks";
				MACOSX_DEPLOYMENT_TARGET = 10.13;
				PRODUCT_BUNDLE_IDENTIFIER = io.put.kit.tests;
				PRODUCT_NAME = "$(TARGET_NAME)";
				SDKROOT = macosx;
			};
			name = Debug;
		};
		4DAEECF320431CC500F62548 /* Release */ = {
			isa = XCBuildConfiguration;
			buildSettings = {
				CODE_SIGN_IDENTITY = "Mac Developer";
				CODE_SIGN_STYLE = Automatic;
				COMBINE_HIDPI_IMAGES = YES;
				DEVELOPMENT_TEAM = BQBJ6NTPEG;
				ENABLE_NS_ASSERTIONS = NO;
				INFOPLIST_FILE = PutKitTests/Info.plist;
				LD_RUNPATH_SEARCH_PATHS = "$(inherited) @executable_path/../Frameworks @loader_path/../Frameworks";
				MACOSX_DEPLOYMENT_TARGET = 10.13;
				PRODUCT_BUNDLE_IDENTIFIER = io.put.kit.tests;
				PRODUCT_NAME = "$(TARGET_NAME)";
				SDKROOT = macosx;
			};
			name = Release;
		};
/* End XCBuildConfiguration section */

/* Begin XCConfigurationList section */
		4D20554220385E9A00AE832F /* Build configuration list for PBXProject "PutKit" */ = {
			isa = XCConfigurationList;
			buildConfigurations = (
				4D20554E20385E9A00AE832F /* Debug */,
				4D20554F20385E9A00AE832F /* Release */,
			);
			defaultConfigurationIsVisible = 0;
			defaultConfigurationName = Release;
		};
		4D20555020385E9A00AE832F /* Build configuration list for PBXNativeTarget "PutKit iOS" */ = {
			isa = XCConfigurationList;
			buildConfigurations = (
				4D20555120385E9A00AE832F /* Debug */,
				4D20555220385E9A00AE832F /* Release */,
			);
			defaultConfigurationIsVisible = 0;
			defaultConfigurationName = Release;
		};
		4D20555D20385ED200AE832F /* Build configuration list for PBXNativeTarget "PutKit tvOS" */ = {
			isa = XCConfigurationList;
			buildConfigurations = (
				4D20555E20385ED200AE832F /* Debug */,
				4D20555F20385ED200AE832F /* Release */,
			);
			defaultConfigurationIsVisible = 0;
			defaultConfigurationName = Release;
		};
		4D20556A20385F7A00AE832F /* Build configuration list for PBXNativeTarget "PutKit macOS" */ = {
			isa = XCConfigurationList;
			buildConfigurations = (
				4D20556B20385F7A00AE832F /* Debug */,
				4D20556C20385F7A00AE832F /* Release */,
			);
			defaultConfigurationIsVisible = 0;
			defaultConfigurationName = Release;
		};
		4D2055782038604400AE832F /* Build configuration list for PBXNativeTarget "PutKit watchOS" */ = {
			isa = XCConfigurationList;
			buildConfigurations = (
				4D2055792038604400AE832F /* Debug */,
				4D20557A2038604400AE832F /* Release */,
			);
			defaultConfigurationIsVisible = 0;
			defaultConfigurationName = Release;
		};
		4DAEECD420431C6A00F62548 /* Build configuration list for PBXNativeTarget "PutKit iOS Tests" */ = {
			isa = XCConfigurationList;
			buildConfigurations = (
				4DAEECD220431C6A00F62548 /* Debug */,
				4DAEECD320431C6A00F62548 /* Release */,
			);
			defaultConfigurationIsVisible = 0;
			defaultConfigurationName = Release;
		};
		4DAEECE120431CA300F62548 /* Build configuration list for PBXNativeTarget "PutKit tvOS Tests" */ = {
			isa = XCConfigurationList;
			buildConfigurations = (
				4DAEECE220431CA300F62548 /* Debug */,
				4DAEECE320431CA300F62548 /* Release */,
			);
			defaultConfigurationIsVisible = 0;
			defaultConfigurationName = Release;
		};
		4DAEECF120431CC500F62548 /* Build configuration list for PBXNativeTarget "PutKit macOS Tests" */ = {
			isa = XCConfigurationList;
			buildConfigurations = (
				4DAEECF220431CC500F62548 /* Debug */,
				4DAEECF320431CC500F62548 /* Release */,
			);
			defaultConfigurationIsVisible = 0;
			defaultConfigurationName = Release;
		};
/* End XCConfigurationList section */
	};
	rootObject = 4D20553F20385E9A00AE832F /* Project object */;
}
